PODS:
  - Alamofire (5.6.1)
  - IQKeyboardManagerSwift (6.5.10)
  - SnapKit (5.6.0)

DEPENDENCIES:
  - Alamofire
  - IQKeyboardManagerSwift
  - SnapKit

SPEC REPOS:
  trunk:
    - Alamofire
    - IQKeyboardManagerSwift
    - SnapKit

SPEC CHECKSUMS:
  Alamofire: 87bd8c952f9a4454320fce00d9cc3de57bcadaf5
  IQKeyboardManagerSwift: 52962c76ab33532f15ad9f3ff4e5715eda5335bb
  SnapKit: e01d52ebb8ddbc333eefe2132acf85c8227d9c25

PODFILE CHECKSUM: 430ffb9de26de135aec8f728e9bfa0025ccb0268

COCOAPODS: 1.10.2
