// !$*UTF8*$!
{
	archiveVersion = 1;
	classes = {
	};
	objectVersion = 55;
	objects = {

/* Begin PBXBuildFile section */
		04852F8E28FE72A300A3EED9 /* SocialLogin.storyboard in Resources */ = {isa = PBXBuildFile; fileRef = 04852F8D28FE72A300A3EED9 /* SocialLogin.storyboard */; };
		04852F9028FE72AF00A3EED9 /* SocialLoginController.swift in Sources */ = {isa = PBXBuildFile; fileRef = 04852F8F28FE72AF00A3EED9 /* SocialLoginController.swift */; };
		04852F9228FE72E400A3EED9 /* SocialLoginView.swift in Sources */ = {isa = PBXBuildFile; fileRef = 04852F9128FE72E400A3EED9 /* SocialLoginView.swift */; };
		04904BDC290A5D96004ED5ED /* SignUp3View.swift in Sources */ = {isa = PBXBuildFile; fileRef = 04904BDB290A5D96004ED5ED /* SignUp3View.swift */; };
		04A69BD72907CFAE00EF7133 /* SignUp2View.swift in Sources */ = {isa = PBXBuildFile; fileRef = 04A69BD62907CFAE00EF7133 /* SignUp2View.swift */; };
		04CCEAFD2910A61D009DBE05 /* ServerRequest.swift in Sources */ = {isa = PBXBuildFile; fileRef = 04CCEAFC2910A61D009DBE05 /* ServerRequest.swift */; };
		04CCEAFF2910A6EC009DBE05 /* Network.plist in Resources */ = {isa = PBXBuildFile; fileRef = 04CCEAFE2910A6EC009DBE05 /* Network.plist */; };
		04D4448328FE356400C7C44F /* StartIndexController.swift in Sources */ = {isa = PBXBuildFile; fileRef = 04D4448228FE356400C7C44F /* StartIndexController.swift */; };
		04D4448628FE35E800C7C44F /* StartIndex.storyboard in Resources */ = {isa = PBXBuildFile; fileRef = 04D4448528FE35E800C7C44F /* StartIndex.storyboard */; };
		5B3DE233C2E4559EFD3C0487 /* Pods_Summar.framework in Frameworks */ = {isa = PBXBuildFile; fileRef = 969878D1B7FFC6CB1A9D3852 /* Pods_Summar.framework */; };
		A28EC0DA28CA1BC000F5BF98 /* AppDelegate.swift in Sources */ = {isa = PBXBuildFile; fileRef = A28EC0D928CA1BC000F5BF98 /* AppDelegate.swift */; };
		A28EC0DC28CA1BC000F5BF98 /* SceneDelegate.swift in Sources */ = {isa = PBXBuildFile; fileRef = A28EC0DB28CA1BC000F5BF98 /* SceneDelegate.swift */; };
		A28EC0E328CA1BC100F5BF98 /* Assets.xcassets in Resources */ = {isa = PBXBuildFile; fileRef = A28EC0E228CA1BC100F5BF98 /* Assets.xcassets */; };
		A28EC0E628CA1BC100F5BF98 /* LaunchScreen.storyboard in Resources */ = {isa = PBXBuildFile; fileRef = A28EC0E428CA1BC100F5BF98 /* LaunchScreen.storyboard */; };
		A2A7699E28FBF71A003EE3CD /* Start.storyboard in Resources */ = {isa = PBXBuildFile; fileRef = A2A7699D28FBF71A003EE3CD /* Start.storyboard */; };
		A2A769A228FBF742003EE3CD /* StartController.swift in Sources */ = {isa = PBXBuildFile; fileRef = A2A769A128FBF742003EE3CD /* StartController.swift */; };
		A2A769A428FBF74F003EE3CD /* StartView.swift in Sources */ = {isa = PBXBuildFile; fileRef = A2A769A328FBF74F003EE3CD /* StartView.swift */; };
		A2ADEBA728D081050018A358 /* Helper.swift in Sources */ = {isa = PBXBuildFile; fileRef = A2ADEBA628D081050018A358 /* Helper.swift */; };
		A2CAEDDF29050A570053D6C9 /* SignUp.storyboard in Resources */ = {isa = PBXBuildFile; fileRef = A2CAEDDE29050A570053D6C9 /* SignUp.storyboard */; };
		A2CAEDE129050A630053D6C9 /* SignUpController.swift in Sources */ = {isa = PBXBuildFile; fileRef = A2CAEDE029050A630053D6C9 /* SignUpController.swift */; };
		A2CAEDE329050A6C0053D6C9 /* SignUp1View.swift in Sources */ = {isa = PBXBuildFile; fileRef = A2CAEDE229050A6C0053D6C9 /* SignUp1View.swift */; };
/* End PBXBuildFile section */

/* Begin PBXFileReference section */
		043D982A28EFB673008C862F /* Summar.entitlements */ = {isa = PBXFileReference; lastKnownFileType = text.plist.entitlements; path = Summar.entitlements; sourceTree = "<group>"; };
		04852F8D28FE72A300A3EED9 /* SocialLogin.storyboard */ = {isa = PBXFileReference; lastKnownFileType = file.storyboard; path = SocialLogin.storyboard; sourceTree = "<group>"; };
		04852F8F28FE72AF00A3EED9 /* SocialLoginController.swift */ = {isa = PBXFileReference; lastKnownFileType = sourcecode.swift; path = SocialLoginController.swift; sourceTree = "<group>"; };
		04852F9128FE72E400A3EED9 /* SocialLoginView.swift */ = {isa = PBXFileReference; lastKnownFileType = sourcecode.swift; path = SocialLoginView.swift; sourceTree = "<group>"; };
		04904BDB290A5D96004ED5ED /* SignUp3View.swift */ = {isa = PBXFileReference; lastKnownFileType = sourcecode.swift; path = SignUp3View.swift; sourceTree = "<group>"; };
		04A69BD62907CFAE00EF7133 /* SignUp2View.swift */ = {isa = PBXFileReference; lastKnownFileType = sourcecode.swift; path = SignUp2View.swift; sourceTree = "<group>"; };
		04CCEAFC2910A61D009DBE05 /* ServerRequest.swift */ = {isa = PBXFileReference; lastKnownFileType = sourcecode.swift; path = ServerRequest.swift; sourceTree = "<group>"; };
		04CCEAFE2910A6EC009DBE05 /* Network.plist */ = {isa = PBXFileReference; lastKnownFileType = text.plist.xml; path = Network.plist; sourceTree = "<group>"; };
		04D4448228FE356400C7C44F /* StartIndexController.swift */ = {isa = PBXFileReference; lastKnownFileType = sourcecode.swift; path = StartIndexController.swift; sourceTree = "<group>"; };
		04D4448528FE35E800C7C44F /* StartIndex.storyboard */ = {isa = PBXFileReference; lastKnownFileType = file.storyboard; path = StartIndex.storyboard; sourceTree = "<group>"; };
		6573FBD0C7B60F518507AA17 /* Pods-Summar.debug.xcconfig */ = {isa = PBXFileReference; includeInIndex = 1; lastKnownFileType = text.xcconfig; name = "Pods-Summar.debug.xcconfig"; path = "Target Support Files/Pods-Summar/Pods-Summar.debug.xcconfig"; sourceTree = "<group>"; };
		724411474104C296DB4F6C8B /* Pods-Summar.release.xcconfig */ = {isa = PBXFileReference; includeInIndex = 1; lastKnownFileType = text.xcconfig; name = "Pods-Summar.release.xcconfig"; path = "Target Support Files/Pods-Summar/Pods-Summar.release.xcconfig"; sourceTree = "<group>"; };
		969878D1B7FFC6CB1A9D3852 /* Pods_Summar.framework */ = {isa = PBXFileReference; explicitFileType = wrapper.framework; includeInIndex = 0; path = Pods_Summar.framework; sourceTree = BUILT_PRODUCTS_DIR; };
		A28EC0D628CA1BC000F5BF98 /* Summar.app */ = {isa = PBXFileReference; explicitFileType = wrapper.application; includeInIndex = 0; path = Summar.app; sourceTree = BUILT_PRODUCTS_DIR; };
		A28EC0D928CA1BC000F5BF98 /* AppDelegate.swift */ = {isa = PBXFileReference; lastKnownFileType = sourcecode.swift; path = AppDelegate.swift; sourceTree = "<group>"; };
		A28EC0DB28CA1BC000F5BF98 /* SceneDelegate.swift */ = {isa = PBXFileReference; lastKnownFileType = sourcecode.swift; path = SceneDelegate.swift; sourceTree = "<group>"; };
		A28EC0E228CA1BC100F5BF98 /* Assets.xcassets */ = {isa = PBXFileReference; lastKnownFileType = folder.assetcatalog; path = Assets.xcassets; sourceTree = "<group>"; };
		A28EC0E528CA1BC100F5BF98 /* Base */ = {isa = PBXFileReference; lastKnownFileType = file.storyboard; name = Base; path = Base.lproj/LaunchScreen.storyboard; sourceTree = "<group>"; };
		A28EC0E728CA1BC100F5BF98 /* Info.plist */ = {isa = PBXFileReference; lastKnownFileType = text.plist.xml; path = Info.plist; sourceTree = "<group>"; };
		A2A7699D28FBF71A003EE3CD /* Start.storyboard */ = {isa = PBXFileReference; lastKnownFileType = file.storyboard; path = Start.storyboard; sourceTree = "<group>"; };
		A2A769A128FBF742003EE3CD /* StartController.swift */ = {isa = PBXFileReference; lastKnownFileType = sourcecode.swift; path = StartController.swift; sourceTree = "<group>"; };
		A2A769A328FBF74F003EE3CD /* StartView.swift */ = {isa = PBXFileReference; lastKnownFileType = sourcecode.swift; path = StartView.swift; sourceTree = "<group>"; };
		A2ADEBA628D081050018A358 /* Helper.swift */ = {isa = PBXFileReference; lastKnownFileType = sourcecode.swift; path = Helper.swift; sourceTree = "<group>"; };
		A2CAEDDE29050A570053D6C9 /* SignUp.storyboard */ = {isa = PBXFileReference; lastKnownFileType = file.storyboard; path = SignUp.storyboard; sourceTree = "<group>"; };
		A2CAEDE029050A630053D6C9 /* SignUpController.swift */ = {isa = PBXFileReference; lastKnownFileType = sourcecode.swift; path = SignUpController.swift; sourceTree = "<group>"; };
		A2CAEDE229050A6C0053D6C9 /* SignUp1View.swift */ = {isa = PBXFileReference; lastKnownFileType = sourcecode.swift; path = SignUp1View.swift; sourceTree = "<group>"; };
/* End PBXFileReference section */

/* Begin PBXFrameworksBuildPhase section */
		A28EC0D328CA1BC000F5BF98 /* Frameworks */ = {
			isa = PBXFrameworksBuildPhase;
			buildActionMask = 2147483647;
			files = (
				5B3DE233C2E4559EFD3C0487 /* Pods_Summar.framework in Frameworks */,
			);
			runOnlyForDeploymentPostprocessing = 0;
		};
/* End PBXFrameworksBuildPhase section */

/* Begin PBXGroup section */
		04852F8C28FE729100A3EED9 /* SocialLogin */ = {
			isa = PBXGroup;
			children = (
				04852F8D28FE72A300A3EED9 /* SocialLogin.storyboard */,
				04852F8F28FE72AF00A3EED9 /* SocialLoginController.swift */,
				04852F9128FE72E400A3EED9 /* SocialLoginView.swift */,
			);
			path = SocialLogin;
			sourceTree = "<group>";
		};
		04D4448428FE35B800C7C44F /* StartIndex */ = {
			isa = PBXGroup;
			children = (
				04D4448228FE356400C7C44F /* StartIndexController.swift */,
				04D4448528FE35E800C7C44F /* StartIndex.storyboard */,
			);
			path = StartIndex;
			sourceTree = "<group>";
		};
		36B8AB6033EAFB674D5D4149 /* Frameworks */ = {
			isa = PBXGroup;
			children = (
				969878D1B7FFC6CB1A9D3852 /* Pods_Summar.framework */,
			);
			name = Frameworks;
			sourceTree = "<group>";
		};
		58B08D91E3EF8339D22738BD /* Pods */ = {
			isa = PBXGroup;
			children = (
				6573FBD0C7B60F518507AA17 /* Pods-Summar.debug.xcconfig */,
				724411474104C296DB4F6C8B /* Pods-Summar.release.xcconfig */,
			);
			path = Pods;
			sourceTree = "<group>";
		};
		A28EC0CD28CA1BC000F5BF98 = {
			isa = PBXGroup;
			children = (
				A28EC0D828CA1BC000F5BF98 /* Summar */,
				A28EC0D728CA1BC000F5BF98 /* Products */,
				58B08D91E3EF8339D22738BD /* Pods */,
				36B8AB6033EAFB674D5D4149 /* Frameworks */,
			);
			sourceTree = "<group>";
		};
		A28EC0D728CA1BC000F5BF98 /* Products */ = {
			isa = PBXGroup;
			children = (
				A28EC0D628CA1BC000F5BF98 /* Summar.app */,
			);
			name = Products;
			sourceTree = "<group>";
		};
		A28EC0D828CA1BC000F5BF98 /* Summar */ = {
			isa = PBXGroup;
			children = (
				043D982A28EFB673008C862F /* Summar.entitlements */,
				A2CAEDDD29050A1C0053D6C9 /* SignUp */,
				04852F8C28FE729100A3EED9 /* SocialLogin */,
				04D4448428FE35B800C7C44F /* StartIndex */,
				A2A7699C28FBF60C003EE3CD /* Login */,
				A2ADEBA528D080FF0018A358 /* Helper */,
				A28EC0D928CA1BC000F5BF98 /* AppDelegate.swift */,
				A28EC0DB28CA1BC000F5BF98 /* SceneDelegate.swift */,
				A28EC0E228CA1BC100F5BF98 /* Assets.xcassets */,
				A28EC0E428CA1BC100F5BF98 /* LaunchScreen.storyboard */,
				A28EC0E728CA1BC100F5BF98 /* Info.plist */,
			);
			path = Summar;
			sourceTree = "<group>";
		};
		A2A7699C28FBF60C003EE3CD /* Login */ = {
			isa = PBXGroup;
			children = (
				A2A7699D28FBF71A003EE3CD /* Start.storyboard */,
				A2A769A128FBF742003EE3CD /* StartController.swift */,
				A2A769A328FBF74F003EE3CD /* StartView.swift */,
			);
			path = Login;
			sourceTree = "<group>";
		};
		A2ADEBA528D080FF0018A358 /* Helper */ = {
			isa = PBXGroup;
			children = (
				A2ADEBA628D081050018A358 /* Helper.swift */,
				04CCEAFC2910A61D009DBE05 /* ServerRequest.swift */,
				04CCEAFE2910A6EC009DBE05 /* Network.plist */,
			);
			path = Helper;
			sourceTree = "<group>";
		};
		A2CAEDDD29050A1C0053D6C9 /* SignUp */ = {
			isa = PBXGroup;
			children = (
				A2CAEDDE29050A570053D6C9 /* SignUp.storyboard */,
				A2CAEDE029050A630053D6C9 /* SignUpController.swift */,
				A2CAEDE229050A6C0053D6C9 /* SignUp1View.swift */,
				04A69BD62907CFAE00EF7133 /* SignUp2View.swift */,
				04904BDB290A5D96004ED5ED /* SignUp3View.swift */,
			);
			path = SignUp;
			sourceTree = "<group>";
		};
/* End PBXGroup section */

/* Begin PBXNativeTarget section */
		A28EC0D528CA1BC000F5BF98 /* Summar */ = {
			isa = PBXNativeTarget;
			buildConfigurationList = A28EC0EA28CA1BC100F5BF98 /* Build configuration list for PBXNativeTarget "Summar" */;
			buildPhases = (
				142B49CC67D225530A58B2D9 /* [CP] Check Pods Manifest.lock */,
				A28EC0D228CA1BC000F5BF98 /* Sources */,
				A28EC0D328CA1BC000F5BF98 /* Frameworks */,
				A28EC0D428CA1BC000F5BF98 /* Resources */,
				074CAA595306E8FE870C6EC1 /* [CP] Embed Pods Frameworks */,
			);
			buildRules = (
			);
			dependencies = (
			);
			name = Summar;
			productName = Summar;
			productReference = A28EC0D628CA1BC000F5BF98 /* Summar.app */;
			productType = "com.apple.product-type.application";
		};
/* End PBXNativeTarget section */

/* Begin PBXProject section */
		A28EC0CE28CA1BC000F5BF98 /* Project object */ = {
			isa = PBXProject;
			attributes = {
				BuildIndependentTargetsInParallel = 1;
				LastSwiftUpdateCheck = 1340;
				LastUpgradeCheck = 1340;
				TargetAttributes = {
					A28EC0D528CA1BC000F5BF98 = {
						CreatedOnToolsVersion = 13.4.1;
					};
				};
			};
			buildConfigurationList = A28EC0D128CA1BC000F5BF98 /* Build configuration list for PBXProject "Summar" */;
			compatibilityVersion = "Xcode 13.0";
			developmentRegion = en;
			hasScannedForEncodings = 0;
			knownRegions = (
				en,
				Base,
			);
			mainGroup = A28EC0CD28CA1BC000F5BF98;
			productRefGroup = A28EC0D728CA1BC000F5BF98 /* Products */;
			projectDirPath = "";
			projectRoot = "";
			targets = (
				A28EC0D528CA1BC000F5BF98 /* Summar */,
			);
		};
/* End PBXProject section */

/* Begin PBXResourcesBuildPhase section */
		A28EC0D428CA1BC000F5BF98 /* Resources */ = {
			isa = PBXResourcesBuildPhase;
			buildActionMask = 2147483647;
			files = (
				A28EC0E628CA1BC100F5BF98 /* LaunchScreen.storyboard in Resources */,
				A28EC0E328CA1BC100F5BF98 /* Assets.xcassets in Resources */,
				A2CAEDDF29050A570053D6C9 /* SignUp.storyboard in Resources */,
				04D4448628FE35E800C7C44F /* StartIndex.storyboard in Resources */,
				04852F8E28FE72A300A3EED9 /* SocialLogin.storyboard in Resources */,
				04CCEAFF2910A6EC009DBE05 /* Network.plist in Resources */,
				A2A7699E28FBF71A003EE3CD /* Start.storyboard in Resources */,
			);
			runOnlyForDeploymentPostprocessing = 0;
		};
/* End PBXResourcesBuildPhase section */

/* Begin PBXShellScriptBuildPhase section */
		074CAA595306E8FE870C6EC1 /* [CP] Embed Pods Frameworks */ = {
			isa = PBXShellScriptBuildPhase;
			buildActionMask = 2147483647;
			files = (
			);
			inputFileListPaths = (
				"${PODS_ROOT}/Target Support Files/Pods-Summar/Pods-Summar-frameworks-${CONFIGURATION}-input-files.xcfilelist",
			);
			name = "[CP] Embed Pods Frameworks";
			outputFileListPaths = (
				"${PODS_ROOT}/Target Support Files/Pods-Summar/Pods-Summar-frameworks-${CONFIGURATION}-output-files.xcfilelist",
			);
			runOnlyForDeploymentPostprocessing = 0;
			shellPath = /bin/sh;
			shellScript = "\"${PODS_ROOT}/Target Support Files/Pods-Summar/Pods-Summar-frameworks.sh\"\n";
			showEnvVarsInLog = 0;
		};
		142B49CC67D225530A58B2D9 /* [CP] Check Pods Manifest.lock */ = {
			isa = PBXShellScriptBuildPhase;
			buildActionMask = 2147483647;
			files = (
			);
			inputFileListPaths = (
			);
			inputPaths = (
				"${PODS_PODFILE_DIR_PATH}/Podfile.lock",
				"${PODS_ROOT}/Manifest.lock",
			);
			name = "[CP] Check Pods Manifest.lock";
			outputFileListPaths = (
			);
			outputPaths = (
				"$(DERIVED_FILE_DIR)/Pods-Summar-checkManifestLockResult.txt",
			);
			runOnlyForDeploymentPostprocessing = 0;
			shellPath = /bin/sh;
			shellScript = "diff \"${PODS_PODFILE_DIR_PATH}/Podfile.lock\" \"${PODS_ROOT}/Manifest.lock\" > /dev/null\nif [ $? != 0 ] ; then\n    # print error to STDERR\n    echo \"error: The sandbox is not in sync with the Podfile.lock. Run 'pod install' or update your CocoaPods installation.\" >&2\n    exit 1\nfi\n# This output is used by Xcode 'outputs' to avoid re-running this script phase.\necho \"SUCCESS\" > \"${SCRIPT_OUTPUT_FILE_0}\"\n";
			showEnvVarsInLog = 0;
		};
/* End PBXShellScriptBuildPhase section */

/* Begin PBXSourcesBuildPhase section */
		A28EC0D228CA1BC000F5BF98 /* Sources */ = {
			isa = PBXSourcesBuildPhase;
			buildActionMask = 2147483647;
			files = (
				A2A769A228FBF742003EE3CD /* StartController.swift in Sources */,
				A28EC0DA28CA1BC000F5BF98 /* AppDelegate.swift in Sources */,
				A2CAEDE129050A630053D6C9 /* SignUpController.swift in Sources */,
				A2ADEBA728D081050018A358 /* Helper.swift in Sources */,
				A2A769A428FBF74F003EE3CD /* StartView.swift in Sources */,
				A28EC0DC28CA1BC000F5BF98 /* SceneDelegate.swift in Sources */,
				04CCEAFD2910A61D009DBE05 /* ServerRequest.swift in Sources */,
				A2CAEDE329050A6C0053D6C9 /* SignUp1View.swift in Sources */,
				04D4448328FE356400C7C44F /* StartIndexController.swift in Sources */,
				04904BDC290A5D96004ED5ED /* SignUp3View.swift in Sources */,
				04852F9028FE72AF00A3EED9 /* SocialLoginController.swift in Sources */,
				04852F9228FE72E400A3EED9 /* SocialLoginView.swift in Sources */,
				04A69BD72907CFAE00EF7133 /* SignUp2View.swift in Sources */,
			);
			runOnlyForDeploymentPostprocessing = 0;
		};
/* End PBXSourcesBuildPhase section */

/* Begin PBXVariantGroup section */
		A28EC0E428CA1BC100F5BF98 /* LaunchScreen.storyboard */ = {
			isa = PBXVariantGroup;
			children = (
				A28EC0E528CA1BC100F5BF98 /* Base */,
			);
			name = LaunchScreen.storyboard;
			sourceTree = "<group>";
		};
/* End PBXVariantGroup section */

/* Begin XCBuildConfiguration section */
		A28EC0E828CA1BC100F5BF98 /* Debug */ = {
			isa = XCBuildConfiguration;
			buildSettings = {
				ALWAYS_SEARCH_USER_PATHS = NO;
				CLANG_ANALYZER_NONNULL = YES;
				CLANG_ANALYZER_NUMBER_OBJECT_CONVERSION = YES_AGGRESSIVE;
				CLANG_CXX_LANGUAGE_STANDARD = "gnu++17";
				CLANG_ENABLE_MODULES = YES;
				CLANG_ENABLE_OBJC_ARC = YES;
				CLANG_ENABLE_OBJC_WEAK = YES;
				CLANG_WARN_BLOCK_CAPTURE_AUTORELEASING = YES;
				CLANG_WARN_BOOL_CONVERSION = YES;
				CLANG_WARN_COMMA = YES;
				CLANG_WARN_CONSTANT_CONVERSION = YES;
				CLANG_WARN_DEPRECATED_OBJC_IMPLEMENTATIONS = YES;
				CLANG_WARN_DIRECT_OBJC_ISA_USAGE = YES_ERROR;
				CLANG_WARN_DOCUMENTATION_COMMENTS = YES;
				CLANG_WARN_EMPTY_BODY = YES;
				CLANG_WARN_ENUM_CONVERSION = YES;
				CLANG_WARN_INFINITE_RECURSION = YES;
				CLANG_WARN_INT_CONVERSION = YES;
				CLANG_WARN_NON_LITERAL_NULL_CONVERSION = YES;
				CLANG_WARN_OBJC_IMPLICIT_RETAIN_SELF = YES;
				CLANG_WARN_OBJC_LITERAL_CONVERSION = YES;
				CLANG_WARN_OBJC_ROOT_CLASS = YES_ERROR;
				CLANG_WARN_QUOTED_INCLUDE_IN_FRAMEWORK_HEADER = YES;
				CLANG_WARN_RANGE_LOOP_ANALYSIS = YES;
				CLANG_WARN_STRICT_PROTOTYPES = YES;
				CLANG_WARN_SUSPICIOUS_MOVE = YES;
				CLANG_WARN_UNGUARDED_AVAILABILITY = YES_AGGRESSIVE;
				CLANG_WARN_UNREACHABLE_CODE = YES;
				CLANG_WARN__DUPLICATE_METHOD_MATCH = YES;
				COPY_PHASE_STRIP = NO;
				DEBUG_INFORMATION_FORMAT = dwarf;
				ENABLE_STRICT_OBJC_MSGSEND = YES;
				ENABLE_TESTABILITY = YES;
				GCC_C_LANGUAGE_STANDARD = gnu11;
				GCC_DYNAMIC_NO_PIC = NO;
				GCC_NO_COMMON_BLOCKS = YES;
				GCC_OPTIMIZATION_LEVEL = 0;
				GCC_PREPROCESSOR_DEFINITIONS = (
					"DEBUG=1",
					"$(inherited)",
				);
				GCC_WARN_64_TO_32_BIT_CONVERSION = YES;
				GCC_WARN_ABOUT_RETURN_TYPE = YES_ERROR;
				GCC_WARN_UNDECLARED_SELECTOR = YES;
				GCC_WARN_UNINITIALIZED_AUTOS = YES_AGGRESSIVE;
				GCC_WARN_UNUSED_FUNCTION = YES;
				GCC_WARN_UNUSED_VARIABLE = YES;
				IPHONEOS_DEPLOYMENT_TARGET = 15.5;
				MTL_ENABLE_DEBUG_INFO = INCLUDE_SOURCE;
				MTL_FAST_MATH = YES;
				ONLY_ACTIVE_ARCH = YES;
				SDKROOT = iphoneos;
				SWIFT_ACTIVE_COMPILATION_CONDITIONS = DEBUG;
				SWIFT_OPTIMIZATION_LEVEL = "-Onone";
			};
			name = Debug;
		};
		A28EC0E928CA1BC100F5BF98 /* Release */ = {
			isa = XCBuildConfiguration;
			buildSettings = {
				ALWAYS_SEARCH_USER_PATHS = NO;
				CLANG_ANALYZER_NONNULL = YES;
				CLANG_ANALYZER_NUMBER_OBJECT_CONVERSION = YES_AGGRESSIVE;
				CLANG_CXX_LANGUAGE_STANDARD = "gnu++17";
				CLANG_ENABLE_MODULES = YES;
				CLANG_ENABLE_OBJC_ARC = YES;
				CLANG_ENABLE_OBJC_WEAK = YES;
				CLANG_WARN_BLOCK_CAPTURE_AUTORELEASING = YES;
				CLANG_WARN_BOOL_CONVERSION = YES;
				CLANG_WARN_COMMA = YES;
				CLANG_WARN_CONSTANT_CONVERSION = YES;
				CLANG_WARN_DEPRECATED_OBJC_IMPLEMENTATIONS = YES;
				CLANG_WARN_DIRECT_OBJC_ISA_USAGE = YES_ERROR;
				CLANG_WARN_DOCUMENTATION_COMMENTS = YES;
				CLANG_WARN_EMPTY_BODY = YES;
				CLANG_WARN_ENUM_CONVERSION = YES;
				CLANG_WARN_INFINITE_RECURSION = YES;
				CLANG_WARN_INT_CONVERSION = YES;
				CLANG_WARN_NON_LITERAL_NULL_CONVERSION = YES;
				CLANG_WARN_OBJC_IMPLICIT_RETAIN_SELF = YES;
				CLANG_WARN_OBJC_LITERAL_CONVERSION = YES;
				CLANG_WARN_OBJC_ROOT_CLASS = YES_ERROR;
				CLANG_WARN_QUOTED_INCLUDE_IN_FRAMEWORK_HEADER = YES;
				CLANG_WARN_RANGE_LOOP_ANALYSIS = YES;
				CLANG_WARN_STRICT_PROTOTYPES = YES;
				CLANG_WARN_SUSPICIOUS_MOVE = YES;
				CLANG_WARN_UNGUARDED_AVAILABILITY = YES_AGGRESSIVE;
				CLANG_WARN_UNREACHABLE_CODE = YES;
				CLANG_WARN__DUPLICATE_METHOD_MATCH = YES;
				COPY_PHASE_STRIP = NO;
				DEBUG_INFORMATION_FORMAT = "dwarf-with-dsym";
				ENABLE_NS_ASSERTIONS = NO;
				ENABLE_STRICT_OBJC_MSGSEND = YES;
				GCC_C_LANGUAGE_STANDARD = gnu11;
				GCC_NO_COMMON_BLOCKS = YES;
				GCC_WARN_64_TO_32_BIT_CONVERSION = YES;
				GCC_WARN_ABOUT_RETURN_TYPE = YES_ERROR;
				GCC_WARN_UNDECLARED_SELECTOR = YES;
				GCC_WARN_UNINITIALIZED_AUTOS = YES_AGGRESSIVE;
				GCC_WARN_UNUSED_FUNCTION = YES;
				GCC_WARN_UNUSED_VARIABLE = YES;
				IPHONEOS_DEPLOYMENT_TARGET = 15.5;
				MTL_ENABLE_DEBUG_INFO = NO;
				MTL_FAST_MATH = YES;
				SDKROOT = iphoneos;
				SWIFT_COMPILATION_MODE = wholemodule;
				SWIFT_OPTIMIZATION_LEVEL = "-O";
				VALIDATE_PRODUCT = YES;
			};
			name = Release;
		};
		A28EC0EB28CA1BC100F5BF98 /* Debug */ = {
			isa = XCBuildConfiguration;
			baseConfigurationReference = 6573FBD0C7B60F518507AA17 /* Pods-Summar.debug.xcconfig */;
			buildSettings = {
				ASSETCATALOG_COMPILER_APPICON_NAME = AppIcon;
				ASSETCATALOG_COMPILER_GLOBAL_ACCENT_COLOR_NAME = AccentColor;
				CODE_SIGN_ENTITLEMENTS = Summar/Summar.entitlements;
				CODE_SIGN_STYLE = Automatic;
				CURRENT_PROJECT_VERSION = 1;
				DEVELOPMENT_TEAM = 2D8WKJP7C4;
				GENERATE_INFOPLIST_FILE = YES;
				INFOPLIST_FILE = Summar/Info.plist;
				INFOPLIST_KEY_UIApplicationSupportsIndirectInputEvents = YES;
				INFOPLIST_KEY_UILaunchStoryboardName = StartIndex.storyboard;
				INFOPLIST_KEY_UIMainStoryboardFile = StartIndex;
				INFOPLIST_KEY_UISupportedInterfaceOrientations_iPad = "UIInterfaceOrientationPortrait UIInterfaceOrientationPortraitUpsideDown UIInterfaceOrientationLandscapeLeft UIInterfaceOrientationLandscapeRight";
				INFOPLIST_KEY_UISupportedInterfaceOrientations_iPhone = "UIInterfaceOrientationPortrait UIInterfaceOrientationLandscapeLeft UIInterfaceOrientationLandscapeRight";
				IPHONEOS_DEPLOYMENT_TARGET = 14.1;
				LD_RUNPATH_SEARCH_PATHS = (
					"$(inherited)",
					"@executable_path/Frameworks",
				);
				MARKETING_VERSION = 1.0;
				PRODUCT_BUNDLE_IDENTIFIER = kr.ios.Summar;
				PRODUCT_NAME = "$(TARGET_NAME)";
				SWIFT_EMIT_LOC_STRINGS = YES;
				SWIFT_VERSION = 5.0;
				TARGETED_DEVICE_FAMILY = "1,2";
			};
			name = Debug;
		};
		A28EC0EC28CA1BC100F5BF98 /* Release */ = {
			isa = XCBuildConfiguration;
			baseConfigurationReference = 724411474104C296DB4F6C8B /* Pods-Summar.release.xcconfig */;
			buildSettings = {
				ASSETCATALOG_COMPILER_APPICON_NAME = AppIcon;
				ASSETCATALOG_COMPILER_GLOBAL_ACCENT_COLOR_NAME = AccentColor;
				CODE_SIGN_ENTITLEMENTS = Summar/Summar.entitlements;
				CODE_SIGN_STYLE = Automatic;
				CURRENT_PROJECT_VERSION = 1;
				DEVELOPMENT_TEAM = 2D8WKJP7C4;
				GENERATE_INFOPLIST_FILE = YES;
				INFOPLIST_FILE = Summar/Info.plist;
				INFOPLIST_KEY_UIApplicationSupportsIndirectInputEvents = YES;
				INFOPLIST_KEY_UILaunchStoryboardName = StartIndex.storyboard;
				INFOPLIST_KEY_UIMainStoryboardFile = StartIndex;
				INFOPLIST_KEY_UISupportedInterfaceOrientations_iPad = "UIInterfaceOrientationPortrait UIInterfaceOrientationPortraitUpsideDown UIInterfaceOrientationLandscapeLeft UIInterfaceOrientationLandscapeRight";
				INFOPLIST_KEY_UISupportedInterfaceOrientations_iPhone = "UIInterfaceOrientationPortrait UIInterfaceOrientationLandscapeLeft UIInterfaceOrientationLandscapeRight";
				IPHONEOS_DEPLOYMENT_TARGET = 14.1;
				LD_RUNPATH_SEARCH_PATHS = (
					"$(inherited)",
					"@executable_path/Frameworks",
				);
				MARKETING_VERSION = 1.0;
				PRODUCT_BUNDLE_IDENTIFIER = kr.ios.Summar;
				PRODUCT_NAME = "$(TARGET_NAME)";
				SWIFT_EMIT_LOC_STRINGS = YES;
				SWIFT_VERSION = 5.0;
				TARGETED_DEVICE_FAMILY = "1,2";
			};
			name = Release;
		};
/* End XCBuildConfiguration section */

/* Begin XCConfigurationList section */
		A28EC0D128CA1BC000F5BF98 /* Build configuration list for PBXProject "Summar" */ = {
			isa = XCConfigurationList;
			buildConfigurations = (
				A28EC0E828CA1BC100F5BF98 /* Debug */,
				A28EC0E928CA1BC100F5BF98 /* Release */,
			);
			defaultConfigurationIsVisible = 0;
			defaultConfigurationName = Release;
		};
		A28EC0EA28CA1BC100F5BF98 /* Build configuration list for PBXNativeTarget "Summar" */ = {
			isa = XCConfigurationList;
			buildConfigurations = (
				A28EC0EB28CA1BC100F5BF98 /* Debug */,
				A28EC0EC28CA1BC100F5BF98 /* Release */,
			);
			defaultConfigurationIsVisible = 0;
			defaultConfigurationName = Release;
		};
/* End XCConfigurationList section */
	};
	rootObject = A28EC0CE28CA1BC000F5BF98 /* Project object */;
}
