// !$*UTF8*$!
{
	archiveVersion = 1;
	classes = {
	};
	objectVersion = 55;
	objects = {

/* Begin PBXBuildFile section */
		04040E972962734C00D3333C /* LaunchScreenController.swift in Sources */ = {isa = PBXBuildFile; fileRef = 04040E962962734C00D3333C /* LaunchScreenController.swift */; };
		040D79FA2918FA3F0018B6A0 /* KakaoLoginManager.swift in Sources */ = {isa = PBXBuildFile; fileRef = 040D79F92918FA3F0018B6A0 /* KakaoLoginManager.swift */; };
		040D79FC2918FB2A0018B6A0 /* AppleLoginManager.swift in Sources */ = {isa = PBXBuildFile; fileRef = 040D79FB2918FB2A0018B6A0 /* AppleLoginManager.swift */; };
		040D79FE2918FB4B0018B6A0 /* NaverLoginManager.swift in Sources */ = {isa = PBXBuildFile; fileRef = 040D79FD2918FB4B0018B6A0 /* NaverLoginManager.swift */; };
		040D7A002918FB530018B6A0 /* GoogleLoginManager.swift in Sources */ = {isa = PBXBuildFile; fileRef = 040D79FF2918FB530018B6A0 /* GoogleLoginManager.swift */; };
		041EEE982952E708006263C7 /* Feed.swift in Sources */ = {isa = PBXBuildFile; fileRef = 041EEE972952E708006263C7 /* Feed.swift */; };
		041EEE9A2952F1C2006263C7 /* HomeTableViewCell.swift in Sources */ = {isa = PBXBuildFile; fileRef = 041EEE992952F1C2006263C7 /* HomeTableViewCell.swift */; };
		041EEE9C2954101B006263C7 /* BannerTableViewCell.swift in Sources */ = {isa = PBXBuildFile; fileRef = 041EEE9B2954101B006263C7 /* BannerTableViewCell.swift */; };
		041EEE9E295435F6006263C7 /* WriteFeedController.swift in Sources */ = {isa = PBXBuildFile; fileRef = 041EEE9D295435F6006263C7 /* WriteFeedController.swift */; };
		041EEEA02954362D006263C7 /* WrtieFeedView.swift in Sources */ = {isa = PBXBuildFile; fileRef = 041EEE9F2954362D006263C7 /* WrtieFeedView.swift */; };
		04239D6E29553A12002ED10E /* AccessToken.swift in Sources */ = {isa = PBXBuildFile; fileRef = 04239D6D29553A12002ED10E /* AccessToken.swift */; };
		04239D7029553A74002ED10E /* Token.swift in Sources */ = {isa = PBXBuildFile; fileRef = 04239D6F29553A74002ED10E /* Token.swift */; };
		045575782968084B009C0827 /* NicknameCheck.swift in Sources */ = {isa = PBXBuildFile; fileRef = 045575772968084B009C0827 /* NicknameCheck.swift */; };
		04668D83295C13BF00165E88 /* FeedCollectionViewCell.swift in Sources */ = {isa = PBXBuildFile; fileRef = 04668D82295C13BF00165E88 /* FeedCollectionViewCell.swift */; };
		04804542296D2FAE00D02A30 /* UpdateMyInfoViewController.swift in Sources */ = {isa = PBXBuildFile; fileRef = 04804541296D2FAE00D02A30 /* UpdateMyInfoViewController.swift */; };
		04804544296D2FB900D02A30 /* UpdateMyInfoView.swift in Sources */ = {isa = PBXBuildFile; fileRef = 04804543296D2FB900D02A30 /* UpdateMyInfoView.swift */; };
		04804546296D5EB100D02A30 /* Router.swift in Sources */ = {isa = PBXBuildFile; fileRef = 04804545296D5EB100D02A30 /* Router.swift */; };
		04852F9028FE72AF00A3EED9 /* SocialLoginController.swift in Sources */ = {isa = PBXBuildFile; fileRef = 04852F8F28FE72AF00A3EED9 /* SocialLoginController.swift */; };
		04852F9228FE72E400A3EED9 /* SocialLoginView.swift in Sources */ = {isa = PBXBuildFile; fileRef = 04852F9128FE72E400A3EED9 /* SocialLoginView.swift */; };
		048EAA7E296511CF004E4A08 /* GoogleService-Info.plist in Resources */ = {isa = PBXBuildFile; fileRef = 048EAA7D296511CF004E4A08 /* GoogleService-Info.plist */; };
		048EAA822965490C004E4A08 /* PreferencesController.swift in Sources */ = {isa = PBXBuildFile; fileRef = 048EAA812965490C004E4A08 /* PreferencesController.swift */; };
		048EAA842965493D004E4A08 /* PreferencesView.swift in Sources */ = {isa = PBXBuildFile; fileRef = 048EAA832965493D004E4A08 /* PreferencesView.swift */; };
		048EAA872965570E004E4A08 /* PreferencesTableViewCell.swift in Sources */ = {isa = PBXBuildFile; fileRef = 048EAA862965570E004E4A08 /* PreferencesTableViewCell.swift */; };
		04904BDC290A5D96004ED5ED /* SignUp3View.swift in Sources */ = {isa = PBXBuildFile; fileRef = 04904BDB290A5D96004ED5ED /* SignUp3View.swift */; };
		04967FA6294C3BF300CAF5CF /* MyInfoView.swift in Sources */ = {isa = PBXBuildFile; fileRef = 04967FA5294C3BF300CAF5CF /* MyInfoView.swift */; };
		04A69BD72907CFAE00EF7133 /* SignUp2View.swift in Sources */ = {isa = PBXBuildFile; fileRef = 04A69BD62907CFAE00EF7133 /* SignUp2View.swift */; };
		04B864E529494D0600D814D9 /* HomeView.swift in Sources */ = {isa = PBXBuildFile; fileRef = 04B864E429494D0600D814D9 /* HomeView.swift */; };
		04B864F1294AEAB400D814D9 /* HomeCollectionViewCell.swift in Sources */ = {isa = PBXBuildFile; fileRef = 04B864EF294AEAB400D814D9 /* HomeCollectionViewCell.swift */; };
		04CCEAFD2910A61D009DBE05 /* ServerRequest.swift in Sources */ = {isa = PBXBuildFile; fileRef = 04CCEAFC2910A61D009DBE05 /* ServerRequest.swift */; };
		04CCEAFF2910A6EC009DBE05 /* Network.plist in Resources */ = {isa = PBXBuildFile; fileRef = 04CCEAFE2910A6EC009DBE05 /* Network.plist */; };
		04D4B0E1295D24F800AD5043 /* EmptyCollectionViewCell.swift in Sources */ = {isa = PBXBuildFile; fileRef = 04D4B0E0295D24F800AD5043 /* EmptyCollectionViewCell.swift */; };
		04D4B0E3295D571E00AD5043 /* DotCollectionViewCell.swift in Sources */ = {isa = PBXBuildFile; fileRef = 04D4B0E2295D571E00AD5043 /* DotCollectionViewCell.swift */; };
		04D4B0E6295D6C9F00AD5043 /* DotFirstCollectionViewCell.swift in Sources */ = {isa = PBXBuildFile; fileRef = 04D4B0E5295D6C9F00AD5043 /* DotFirstCollectionViewCell.swift */; };
		04D4B0EB295D7E7900AD5043 /* SearchTableViewCell.swift in Sources */ = {isa = PBXBuildFile; fileRef = 04D4B0EA295D7E7900AD5043 /* SearchTableViewCell.swift */; };
		04D4B0EF295D82C700AD5043 /* SearchViewModel.swift in Sources */ = {isa = PBXBuildFile; fileRef = 04D4B0EE295D82C700AD5043 /* SearchViewModel.swift */; };
		04D4B0F1295D83A600AD5043 /* SearchUserList.swift in Sources */ = {isa = PBXBuildFile; fileRef = 04D4B0F0295D83A600AD5043 /* SearchUserList.swift */; };
		04FB196929122B5C00E9EE54 /* HomeController.swift in Sources */ = {isa = PBXBuildFile; fileRef = 04FB196829122B5C00E9EE54 /* HomeController.swift */; };
		5680C09BD442DED3E9AA8EBB /* Pods_Summar.framework in Frameworks */ = {isa = PBXBuildFile; fileRef = 822E2234FB7393A990C7BDD2 /* Pods_Summar.framework */; };
		5E4491B4296FF33D0048042D /* UpdateMyInfoViewModel.swift in Sources */ = {isa = PBXBuildFile; fileRef = 5E4491B3296FF33D0048042D /* UpdateMyInfoViewModel.swift */; };
		5EB4F5F1296E94FF0061D64D /* PaddingLabel.swift in Sources */ = {isa = PBXBuildFile; fileRef = 5EB4F5F0296E94FF0061D64D /* PaddingLabel.swift */; };
		5EB4F5F3296EAFFF0061D64D /* LogHelper.swift in Sources */ = {isa = PBXBuildFile; fileRef = 5EB4F5F2296EAFFF0061D64D /* LogHelper.swift */; };
		5EB4F5F7296F898F0061D64D /* PreferencesViewModel.swift in Sources */ = {isa = PBXBuildFile; fileRef = 5EB4F5F6296F898F0061D64D /* PreferencesViewModel.swift */; };
		A210F66F295B163400A517C5 /* SearchView.swift in Sources */ = {isa = PBXBuildFile; fileRef = A210F66E295B163400A517C5 /* SearchView.swift */; };
		A210F6722960247600A517C5 /* FullScreenImageViewController.swift in Sources */ = {isa = PBXBuildFile; fileRef = A210F6712960247600A517C5 /* FullScreenImageViewController.swift */; };
		A210F6742960253600A517C5 /* FullScreenImageView.swift in Sources */ = {isa = PBXBuildFile; fileRef = A210F6732960253600A517C5 /* FullScreenImageView.swift */; };
		A28EC0DA28CA1BC000F5BF98 /* AppDelegate.swift in Sources */ = {isa = PBXBuildFile; fileRef = A28EC0D928CA1BC000F5BF98 /* AppDelegate.swift */; };
		A28EC0DC28CA1BC000F5BF98 /* SceneDelegate.swift in Sources */ = {isa = PBXBuildFile; fileRef = A28EC0DB28CA1BC000F5BF98 /* SceneDelegate.swift */; };
		A28EC0E328CA1BC100F5BF98 /* Assets.xcassets in Resources */ = {isa = PBXBuildFile; fileRef = A28EC0E228CA1BC100F5BF98 /* Assets.xcassets */; };
		A28EC0E628CA1BC100F5BF98 /* LaunchScreen.storyboard in Resources */ = {isa = PBXBuildFile; fileRef = A28EC0E428CA1BC100F5BF98 /* LaunchScreen.storyboard */; };
		A2933E72294F808500B84C5B /* UserInfo.swift in Sources */ = {isa = PBXBuildFile; fileRef = A2933E71294F808500B84C5B /* UserInfo.swift */; };
		A2933E7429501B4800B84C5B /* MyInfoViewModel.swift in Sources */ = {isa = PBXBuildFile; fileRef = A2933E7329501B4800B84C5B /* MyInfoViewModel.swift */; };
		A2ADEBA728D081050018A358 /* Helper.swift in Sources */ = {isa = PBXBuildFile; fileRef = A2ADEBA628D081050018A358 /* Helper.swift */; };
		A2CAEDE129050A630053D6C9 /* SignUpController.swift in Sources */ = {isa = PBXBuildFile; fileRef = A2CAEDE029050A630053D6C9 /* SignUpController.swift */; };
		A2CAEDE329050A6C0053D6C9 /* SignUp1View.swift in Sources */ = {isa = PBXBuildFile; fileRef = A2CAEDE229050A6C0053D6C9 /* SignUp1View.swift */; };
		A2D27B722971C963002CF652 /* PushSettingViewController.swift in Sources */ = {isa = PBXBuildFile; fileRef = A2D27B712971C963002CF652 /* PushSettingViewController.swift */; };
		A2D27B7429727962002CF652 /* PushSettingView.swift in Sources */ = {isa = PBXBuildFile; fileRef = A2D27B7329727962002CF652 /* PushSettingView.swift */; };
		A2D27B7929728FC2002CF652 /* PushSettingViewModel.swift in Sources */ = {isa = PBXBuildFile; fileRef = A2D27B7829728FC2002CF652 /* PushSettingViewModel.swift */; };
		A2D27B7B2972930B002CF652 /* PushInfo.swift in Sources */ = {isa = PBXBuildFile; fileRef = A2D27B7A2972930B002CF652 /* PushInfo.swift */; };
		A2D27B7D29729B30002CF652 /* PushInfoChange.swift in Sources */ = {isa = PBXBuildFile; fileRef = A2D27B7C29729B30002CF652 /* PushInfoChange.swift */; };
		A2D27B802972F7EF002CF652 /* NoticeController.swift in Sources */ = {isa = PBXBuildFile; fileRef = A2D27B7F2972F7EF002CF652 /* NoticeController.swift */; };
		A2D27B822972FD7E002CF652 /* NoticeView.swift in Sources */ = {isa = PBXBuildFile; fileRef = A2D27B812972FD7E002CF652 /* NoticeView.swift */; };
		A2D27B8429741024002CF652 /* NoticeViewModel.swift in Sources */ = {isa = PBXBuildFile; fileRef = A2D27B8329741024002CF652 /* NoticeViewModel.swift */; };
		A2D27B862974144D002CF652 /* Notice.swift in Sources */ = {isa = PBXBuildFile; fileRef = A2D27B852974144D002CF652 /* Notice.swift */; };
		A2D27B8929741D37002CF652 /* NoticeContentTableViewCell.swift in Sources */ = {isa = PBXBuildFile; fileRef = A2D27B8829741D37002CF652 /* NoticeContentTableViewCell.swift */; };
		A2D27B8B2974298D002CF652 /* NoticeTitleTableViewCell.swift in Sources */ = {isa = PBXBuildFile; fileRef = A2D27B8A2974298D002CF652 /* NoticeTitleTableViewCell.swift */; };
		A2E960DD29743BAF007E3B3B /* FAQController.swift in Sources */ = {isa = PBXBuildFile; fileRef = A2E960DC29743BAF007E3B3B /* FAQController.swift */; };
		A2E960DF29743BE5007E3B3B /* FAQView.swift in Sources */ = {isa = PBXBuildFile; fileRef = A2E960DE29743BE5007E3B3B /* FAQView.swift */; };
		A2E960E129743C17007E3B3B /* FAQViewModel.swift in Sources */ = {isa = PBXBuildFile; fileRef = A2E960E029743C17007E3B3B /* FAQViewModel.swift */; };
		A2E960E429743C69007E3B3B /* FAQTitleTableViewCell.swift in Sources */ = {isa = PBXBuildFile; fileRef = A2E960E329743C69007E3B3B /* FAQTitleTableViewCell.swift */; };
		A2ECB35C2940C5940005D88C /* SignUp3Controller.swift in Sources */ = {isa = PBXBuildFile; fileRef = A2ECB35B2940C5940005D88C /* SignUp3Controller.swift */; };
		A2ECB36529448CD10005D88C /* HomeViewController.swift in Sources */ = {isa = PBXBuildFile; fileRef = A2ECB36429448CD10005D88C /* HomeViewController.swift */; };
		A2ECB36729448E870005D88C /* ClippingViewController.swift in Sources */ = {isa = PBXBuildFile; fileRef = A2ECB36629448E870005D88C /* ClippingViewController.swift */; };
		A2ECB36B29448EAF0005D88C /* SearchViewController.swift in Sources */ = {isa = PBXBuildFile; fileRef = A2ECB36A29448EAF0005D88C /* SearchViewController.swift */; };
		A2ECB36D29448EC10005D88C /* MyInfoViewController.swift in Sources */ = {isa = PBXBuildFile; fileRef = A2ECB36C29448EC10005D88C /* MyInfoViewController.swift */; };
/* End PBXBuildFile section */

/* Begin PBXFileReference section */
		04040E962962734C00D3333C /* LaunchScreenController.swift */ = {isa = PBXFileReference; lastKnownFileType = sourcecode.swift; path = LaunchScreenController.swift; sourceTree = "<group>"; };
		040D79F92918FA3F0018B6A0 /* KakaoLoginManager.swift */ = {isa = PBXFileReference; lastKnownFileType = sourcecode.swift; path = KakaoLoginManager.swift; sourceTree = "<group>"; };
		040D79FB2918FB2A0018B6A0 /* AppleLoginManager.swift */ = {isa = PBXFileReference; lastKnownFileType = sourcecode.swift; path = AppleLoginManager.swift; sourceTree = "<group>"; };
		040D79FD2918FB4B0018B6A0 /* NaverLoginManager.swift */ = {isa = PBXFileReference; lastKnownFileType = sourcecode.swift; path = NaverLoginManager.swift; sourceTree = "<group>"; };
		040D79FF2918FB530018B6A0 /* GoogleLoginManager.swift */ = {isa = PBXFileReference; lastKnownFileType = sourcecode.swift; path = GoogleLoginManager.swift; sourceTree = "<group>"; };
		041EEE972952E708006263C7 /* Feed.swift */ = {isa = PBXFileReference; lastKnownFileType = sourcecode.swift; path = Feed.swift; sourceTree = "<group>"; };
		041EEE992952F1C2006263C7 /* HomeTableViewCell.swift */ = {isa = PBXFileReference; lastKnownFileType = sourcecode.swift; path = HomeTableViewCell.swift; sourceTree = "<group>"; };
		041EEE9B2954101B006263C7 /* BannerTableViewCell.swift */ = {isa = PBXFileReference; lastKnownFileType = sourcecode.swift; path = BannerTableViewCell.swift; sourceTree = "<group>"; };
		041EEE9D295435F6006263C7 /* WriteFeedController.swift */ = {isa = PBXFileReference; lastKnownFileType = sourcecode.swift; path = WriteFeedController.swift; sourceTree = "<group>"; };
		041EEE9F2954362D006263C7 /* WrtieFeedView.swift */ = {isa = PBXFileReference; lastKnownFileType = sourcecode.swift; path = WrtieFeedView.swift; sourceTree = "<group>"; };
		04239D6D29553A12002ED10E /* AccessToken.swift */ = {isa = PBXFileReference; lastKnownFileType = sourcecode.swift; path = AccessToken.swift; sourceTree = "<group>"; };
		04239D6F29553A74002ED10E /* Token.swift */ = {isa = PBXFileReference; lastKnownFileType = sourcecode.swift; path = Token.swift; sourceTree = "<group>"; };
		043D982A28EFB673008C862F /* Summar.entitlements */ = {isa = PBXFileReference; lastKnownFileType = text.plist.entitlements; path = Summar.entitlements; sourceTree = "<group>"; };
		045575772968084B009C0827 /* NicknameCheck.swift */ = {isa = PBXFileReference; lastKnownFileType = sourcecode.swift; path = NicknameCheck.swift; sourceTree = "<group>"; };
		04668D82295C13BF00165E88 /* FeedCollectionViewCell.swift */ = {isa = PBXFileReference; lastKnownFileType = sourcecode.swift; path = FeedCollectionViewCell.swift; sourceTree = "<group>"; };
		04804541296D2FAE00D02A30 /* UpdateMyInfoViewController.swift */ = {isa = PBXFileReference; lastKnownFileType = sourcecode.swift; path = UpdateMyInfoViewController.swift; sourceTree = "<group>"; };
		04804543296D2FB900D02A30 /* UpdateMyInfoView.swift */ = {isa = PBXFileReference; lastKnownFileType = sourcecode.swift; path = UpdateMyInfoView.swift; sourceTree = "<group>"; };
		04804545296D5EB100D02A30 /* Router.swift */ = {isa = PBXFileReference; lastKnownFileType = sourcecode.swift; path = Router.swift; sourceTree = "<group>"; };
		04852F8F28FE72AF00A3EED9 /* SocialLoginController.swift */ = {isa = PBXFileReference; lastKnownFileType = sourcecode.swift; path = SocialLoginController.swift; sourceTree = "<group>"; };
		04852F9128FE72E400A3EED9 /* SocialLoginView.swift */ = {isa = PBXFileReference; lastKnownFileType = sourcecode.swift; path = SocialLoginView.swift; sourceTree = "<group>"; };
		048EAA7D296511CF004E4A08 /* GoogleService-Info.plist */ = {isa = PBXFileReference; fileEncoding = 4; lastKnownFileType = text.plist.xml; path = "GoogleService-Info.plist"; sourceTree = "<group>"; };
		048EAA812965490C004E4A08 /* PreferencesController.swift */ = {isa = PBXFileReference; lastKnownFileType = sourcecode.swift; path = PreferencesController.swift; sourceTree = "<group>"; };
		048EAA832965493D004E4A08 /* PreferencesView.swift */ = {isa = PBXFileReference; lastKnownFileType = sourcecode.swift; path = PreferencesView.swift; sourceTree = "<group>"; };
		048EAA862965570E004E4A08 /* PreferencesTableViewCell.swift */ = {isa = PBXFileReference; lastKnownFileType = sourcecode.swift; path = PreferencesTableViewCell.swift; sourceTree = "<group>"; };
		04904BDB290A5D96004ED5ED /* SignUp3View.swift */ = {isa = PBXFileReference; lastKnownFileType = sourcecode.swift; path = SignUp3View.swift; sourceTree = "<group>"; };
		04967FA5294C3BF300CAF5CF /* MyInfoView.swift */ = {isa = PBXFileReference; lastKnownFileType = sourcecode.swift; path = MyInfoView.swift; sourceTree = "<group>"; };
		04A69BD62907CFAE00EF7133 /* SignUp2View.swift */ = {isa = PBXFileReference; lastKnownFileType = sourcecode.swift; path = SignUp2View.swift; sourceTree = "<group>"; };
		04B864E429494D0600D814D9 /* HomeView.swift */ = {isa = PBXFileReference; lastKnownFileType = sourcecode.swift; path = HomeView.swift; sourceTree = "<group>"; };
		04B864EF294AEAB400D814D9 /* HomeCollectionViewCell.swift */ = {isa = PBXFileReference; lastKnownFileType = sourcecode.swift; path = HomeCollectionViewCell.swift; sourceTree = "<group>"; };
		04CCEAFC2910A61D009DBE05 /* ServerRequest.swift */ = {isa = PBXFileReference; lastKnownFileType = sourcecode.swift; path = ServerRequest.swift; sourceTree = "<group>"; };
		04CCEAFE2910A6EC009DBE05 /* Network.plist */ = {isa = PBXFileReference; lastKnownFileType = text.plist.xml; path = Network.plist; sourceTree = "<group>"; };
		04D4B0E0295D24F800AD5043 /* EmptyCollectionViewCell.swift */ = {isa = PBXFileReference; lastKnownFileType = sourcecode.swift; path = EmptyCollectionViewCell.swift; sourceTree = "<group>"; };
		04D4B0E2295D571E00AD5043 /* DotCollectionViewCell.swift */ = {isa = PBXFileReference; lastKnownFileType = sourcecode.swift; path = DotCollectionViewCell.swift; sourceTree = "<group>"; };
		04D4B0E5295D6C9F00AD5043 /* DotFirstCollectionViewCell.swift */ = {isa = PBXFileReference; lastKnownFileType = sourcecode.swift; path = DotFirstCollectionViewCell.swift; sourceTree = "<group>"; };
		04D4B0EA295D7E7900AD5043 /* SearchTableViewCell.swift */ = {isa = PBXFileReference; lastKnownFileType = sourcecode.swift; path = SearchTableViewCell.swift; sourceTree = "<group>"; };
		04D4B0EE295D82C700AD5043 /* SearchViewModel.swift */ = {isa = PBXFileReference; lastKnownFileType = sourcecode.swift; path = SearchViewModel.swift; sourceTree = "<group>"; };
		04D4B0F0295D83A600AD5043 /* SearchUserList.swift */ = {isa = PBXFileReference; lastKnownFileType = sourcecode.swift; path = SearchUserList.swift; sourceTree = "<group>"; };
		04FB196829122B5C00E9EE54 /* HomeController.swift */ = {isa = PBXFileReference; lastKnownFileType = sourcecode.swift; path = HomeController.swift; sourceTree = "<group>"; };
		1C57CA8C297C6E0AA396A67B /* Pods-Summar.debug.xcconfig */ = {isa = PBXFileReference; includeInIndex = 1; lastKnownFileType = text.xcconfig; name = "Pods-Summar.debug.xcconfig"; path = "Target Support Files/Pods-Summar/Pods-Summar.debug.xcconfig"; sourceTree = "<group>"; };
		5E4491B3296FF33D0048042D /* UpdateMyInfoViewModel.swift */ = {isa = PBXFileReference; lastKnownFileType = sourcecode.swift; path = UpdateMyInfoViewModel.swift; sourceTree = "<group>"; };
		5EB4F5F0296E94FF0061D64D /* PaddingLabel.swift */ = {isa = PBXFileReference; lastKnownFileType = sourcecode.swift; path = PaddingLabel.swift; sourceTree = "<group>"; };
		5EB4F5F2296EAFFF0061D64D /* LogHelper.swift */ = {isa = PBXFileReference; lastKnownFileType = sourcecode.swift; path = LogHelper.swift; sourceTree = "<group>"; };
		5EB4F5F6296F898F0061D64D /* PreferencesViewModel.swift */ = {isa = PBXFileReference; lastKnownFileType = sourcecode.swift; path = PreferencesViewModel.swift; sourceTree = "<group>"; };
		822E2234FB7393A990C7BDD2 /* Pods_Summar.framework */ = {isa = PBXFileReference; explicitFileType = wrapper.framework; includeInIndex = 0; path = Pods_Summar.framework; sourceTree = BUILT_PRODUCTS_DIR; };
		A210F66E295B163400A517C5 /* SearchView.swift */ = {isa = PBXFileReference; lastKnownFileType = sourcecode.swift; path = SearchView.swift; sourceTree = "<group>"; };
		A210F6712960247600A517C5 /* FullScreenImageViewController.swift */ = {isa = PBXFileReference; lastKnownFileType = sourcecode.swift; path = FullScreenImageViewController.swift; sourceTree = "<group>"; };
		A210F6732960253600A517C5 /* FullScreenImageView.swift */ = {isa = PBXFileReference; lastKnownFileType = sourcecode.swift; path = FullScreenImageView.swift; sourceTree = "<group>"; };
		A28EC0D628CA1BC000F5BF98 /* Summar.app */ = {isa = PBXFileReference; explicitFileType = wrapper.application; includeInIndex = 0; path = Summar.app; sourceTree = BUILT_PRODUCTS_DIR; };
		A28EC0D928CA1BC000F5BF98 /* AppDelegate.swift */ = {isa = PBXFileReference; lastKnownFileType = sourcecode.swift; path = AppDelegate.swift; sourceTree = "<group>"; };
		A28EC0DB28CA1BC000F5BF98 /* SceneDelegate.swift */ = {isa = PBXFileReference; lastKnownFileType = sourcecode.swift; path = SceneDelegate.swift; sourceTree = "<group>"; };
		A28EC0E228CA1BC100F5BF98 /* Assets.xcassets */ = {isa = PBXFileReference; lastKnownFileType = folder.assetcatalog; path = Assets.xcassets; sourceTree = "<group>"; };
		A28EC0E528CA1BC100F5BF98 /* Base */ = {isa = PBXFileReference; lastKnownFileType = file.storyboard; name = Base; path = Base.lproj/LaunchScreen.storyboard; sourceTree = "<group>"; };
		A28EC0E728CA1BC100F5BF98 /* Info.plist */ = {isa = PBXFileReference; lastKnownFileType = text.plist.xml; path = Info.plist; sourceTree = "<group>"; };
		A2933E71294F808500B84C5B /* UserInfo.swift */ = {isa = PBXFileReference; lastKnownFileType = sourcecode.swift; path = UserInfo.swift; sourceTree = "<group>"; };
		A2933E7329501B4800B84C5B /* MyInfoViewModel.swift */ = {isa = PBXFileReference; lastKnownFileType = sourcecode.swift; path = MyInfoViewModel.swift; sourceTree = "<group>"; };
		A2ADEBA628D081050018A358 /* Helper.swift */ = {isa = PBXFileReference; lastKnownFileType = sourcecode.swift; path = Helper.swift; sourceTree = "<group>"; };
		A2CAEDE029050A630053D6C9 /* SignUpController.swift */ = {isa = PBXFileReference; lastKnownFileType = sourcecode.swift; path = SignUpController.swift; sourceTree = "<group>"; };
		A2CAEDE229050A6C0053D6C9 /* SignUp1View.swift */ = {isa = PBXFileReference; lastKnownFileType = sourcecode.swift; path = SignUp1View.swift; sourceTree = "<group>"; };
		A2D27B712971C963002CF652 /* PushSettingViewController.swift */ = {isa = PBXFileReference; lastKnownFileType = sourcecode.swift; path = PushSettingViewController.swift; sourceTree = "<group>"; };
		A2D27B7329727962002CF652 /* PushSettingView.swift */ = {isa = PBXFileReference; lastKnownFileType = sourcecode.swift; path = PushSettingView.swift; sourceTree = "<group>"; };
		A2D27B7829728FC2002CF652 /* PushSettingViewModel.swift */ = {isa = PBXFileReference; lastKnownFileType = sourcecode.swift; path = PushSettingViewModel.swift; sourceTree = "<group>"; };
		A2D27B7A2972930B002CF652 /* PushInfo.swift */ = {isa = PBXFileReference; lastKnownFileType = sourcecode.swift; path = PushInfo.swift; sourceTree = "<group>"; };
		A2D27B7C29729B30002CF652 /* PushInfoChange.swift */ = {isa = PBXFileReference; lastKnownFileType = sourcecode.swift; path = PushInfoChange.swift; sourceTree = "<group>"; };
		A2D27B7F2972F7EF002CF652 /* NoticeController.swift */ = {isa = PBXFileReference; lastKnownFileType = sourcecode.swift; path = NoticeController.swift; sourceTree = "<group>"; };
		A2D27B812972FD7E002CF652 /* NoticeView.swift */ = {isa = PBXFileReference; lastKnownFileType = sourcecode.swift; path = NoticeView.swift; sourceTree = "<group>"; };
		A2D27B8329741024002CF652 /* NoticeViewModel.swift */ = {isa = PBXFileReference; lastKnownFileType = sourcecode.swift; path = NoticeViewModel.swift; sourceTree = "<group>"; };
		A2D27B852974144D002CF652 /* Notice.swift */ = {isa = PBXFileReference; lastKnownFileType = sourcecode.swift; path = Notice.swift; sourceTree = "<group>"; };
		A2D27B8829741D37002CF652 /* NoticeContentTableViewCell.swift */ = {isa = PBXFileReference; lastKnownFileType = sourcecode.swift; path = NoticeContentTableViewCell.swift; sourceTree = "<group>"; };
		A2D27B8A2974298D002CF652 /* NoticeTitleTableViewCell.swift */ = {isa = PBXFileReference; lastKnownFileType = sourcecode.swift; path = NoticeTitleTableViewCell.swift; sourceTree = "<group>"; };
		A2E960DC29743BAF007E3B3B /* FAQController.swift */ = {isa = PBXFileReference; lastKnownFileType = sourcecode.swift; path = FAQController.swift; sourceTree = "<group>"; };
		A2E960DE29743BE5007E3B3B /* FAQView.swift */ = {isa = PBXFileReference; lastKnownFileType = sourcecode.swift; path = FAQView.swift; sourceTree = "<group>"; };
		A2E960E029743C17007E3B3B /* FAQViewModel.swift */ = {isa = PBXFileReference; lastKnownFileType = sourcecode.swift; path = FAQViewModel.swift; sourceTree = "<group>"; };
		A2E960E329743C69007E3B3B /* FAQTitleTableViewCell.swift */ = {isa = PBXFileReference; lastKnownFileType = sourcecode.swift; path = FAQTitleTableViewCell.swift; sourceTree = "<group>"; };
		A2ECB35B2940C5940005D88C /* SignUp3Controller.swift */ = {isa = PBXFileReference; lastKnownFileType = sourcecode.swift; path = SignUp3Controller.swift; sourceTree = "<group>"; };
		A2ECB36429448CD10005D88C /* HomeViewController.swift */ = {isa = PBXFileReference; lastKnownFileType = sourcecode.swift; path = HomeViewController.swift; sourceTree = "<group>"; };
		A2ECB36629448E870005D88C /* ClippingViewController.swift */ = {isa = PBXFileReference; lastKnownFileType = sourcecode.swift; path = ClippingViewController.swift; sourceTree = "<group>"; };
		A2ECB36A29448EAF0005D88C /* SearchViewController.swift */ = {isa = PBXFileReference; lastKnownFileType = sourcecode.swift; path = SearchViewController.swift; sourceTree = "<group>"; };
		A2ECB36C29448EC10005D88C /* MyInfoViewController.swift */ = {isa = PBXFileReference; lastKnownFileType = sourcecode.swift; path = MyInfoViewController.swift; sourceTree = "<group>"; };
		D3C1165E0A72135BFA0A6422 /* Pods-Summar.release.xcconfig */ = {isa = PBXFileReference; includeInIndex = 1; lastKnownFileType = text.xcconfig; name = "Pods-Summar.release.xcconfig"; path = "Target Support Files/Pods-Summar/Pods-Summar.release.xcconfig"; sourceTree = "<group>"; };
/* End PBXFileReference section */

/* Begin PBXFrameworksBuildPhase section */
		A28EC0D328CA1BC000F5BF98 /* Frameworks */ = {
			isa = PBXFrameworksBuildPhase;
			buildActionMask = 2147483647;
			files = (
				5680C09BD442DED3E9AA8EBB /* Pods_Summar.framework in Frameworks */,
			);
			runOnlyForDeploymentPostprocessing = 0;
		};
/* End PBXFrameworksBuildPhase section */

/* Begin PBXGroup section */
		04040E952962733C00D3333C /* LaunchScreen */ = {
			isa = PBXGroup;
			children = (
				A28EC0E428CA1BC100F5BF98 /* LaunchScreen.storyboard */,
				04040E962962734C00D3333C /* LaunchScreenController.swift */,
				04804545296D5EB100D02A30 /* Router.swift */,
			);
			path = LaunchScreen;
			sourceTree = "<group>";
		};
		041EEE962952E6F4006263C7 /* ServerModel */ = {
			isa = PBXGroup;
			children = (
				04239D6D29553A12002ED10E /* AccessToken.swift */,
				04239D6F29553A74002ED10E /* Token.swift */,
				045575772968084B009C0827 /* NicknameCheck.swift */,
			);
			path = ServerModel;
			sourceTree = "<group>";
		};
		0480453E296CE2BA00D02A30 /* AppDelegate */ = {
			isa = PBXGroup;
			children = (
				A28EC0D928CA1BC000F5BF98 /* AppDelegate.swift */,
				A28EC0DB28CA1BC000F5BF98 /* SceneDelegate.swift */,
			);
			path = AppDelegate;
			sourceTree = "<group>";
		};
		04804540296D2F9900D02A30 /* 1UpdateMyInfo */ = {
			isa = PBXGroup;
			children = (
				04804541296D2FAE00D02A30 /* UpdateMyInfoViewController.swift */,
				5E4491B3296FF33D0048042D /* UpdateMyInfoViewModel.swift */,
				04804543296D2FB900D02A30 /* UpdateMyInfoView.swift */,
			);
			path = 1UpdateMyInfo;
			sourceTree = "<group>";
		};
		04852F8C28FE729100A3EED9 /* SocialLogin */ = {
			isa = PBXGroup;
			children = (
				04852F8F28FE72AF00A3EED9 /* SocialLoginController.swift */,
				04852F9128FE72E400A3EED9 /* SocialLoginView.swift */,
				040D79F92918FA3F0018B6A0 /* KakaoLoginManager.swift */,
				040D79FB2918FB2A0018B6A0 /* AppleLoginManager.swift */,
				040D79FD2918FB4B0018B6A0 /* NaverLoginManager.swift */,
				040D79FF2918FB530018B6A0 /* GoogleLoginManager.swift */,
			);
			path = SocialLogin;
			sourceTree = "<group>";
		};
		048EAA80296548F2004E4A08 /* Preferences */ = {
			isa = PBXGroup;
			children = (
				04804540296D2F9900D02A30 /* 1UpdateMyInfo */,
				A2D27B702971C934002CF652 /* 2PushSetting */,
				A2D27B7E2972F7D9002CF652 /* 3Notice */,
				A2D27B8C29743A78002CF652 /* 4FAQ */,
				048EAA85296556EC004E4A08 /* TableViewCell */,
				048EAA812965490C004E4A08 /* PreferencesController.swift */,
				5EB4F5F6296F898F0061D64D /* PreferencesViewModel.swift */,
				048EAA832965493D004E4A08 /* PreferencesView.swift */,
			);
			path = Preferences;
			sourceTree = "<group>";
		};
		048EAA85296556EC004E4A08 /* TableViewCell */ = {
			isa = PBXGroup;
			children = (
				048EAA862965570E004E4A08 /* PreferencesTableViewCell.swift */,
			);
			path = TableViewCell;
			sourceTree = "<group>";
		};
		04D4B0E4295D574400AD5043 /* CollectionViewCell */ = {
			isa = PBXGroup;
			children = (
				04D4B0E0295D24F800AD5043 /* EmptyCollectionViewCell.swift */,
				04D4B0E2295D571E00AD5043 /* DotCollectionViewCell.swift */,
				04668D82295C13BF00165E88 /* FeedCollectionViewCell.swift */,
				04D4B0E5295D6C9F00AD5043 /* DotFirstCollectionViewCell.swift */,
			);
			path = CollectionViewCell;
			sourceTree = "<group>";
		};
		04D4B0E9295D7E5900AD5043 /* TableViewCell */ = {
			isa = PBXGroup;
			children = (
				04D4B0EA295D7E7900AD5043 /* SearchTableViewCell.swift */,
			);
			path = TableViewCell;
			sourceTree = "<group>";
		};
		04D4B0EC295D803D00AD5043 /* TableViewCell */ = {
			isa = PBXGroup;
			children = (
				041EEE9B2954101B006263C7 /* BannerTableViewCell.swift */,
				041EEE992952F1C2006263C7 /* HomeTableViewCell.swift */,
			);
			path = TableViewCell;
			sourceTree = "<group>";
		};
		04D4B0ED295D804A00AD5043 /* CollectionViewCell */ = {
			isa = PBXGroup;
			children = (
				04B864EF294AEAB400D814D9 /* HomeCollectionViewCell.swift */,
			);
			path = CollectionViewCell;
			sourceTree = "<group>";
		};
		04FB1965291227CC00E9EE54 /* Home */ = {
			isa = PBXGroup;
			children = (
				04FB196829122B5C00E9EE54 /* HomeController.swift */,
				A2ECB36329448C9F0005D88C /* 5TabbarMyInfo */,
				A2ECB36229448C8F0005D88C /* 4TabbarSearch */,
				A2ECB36129448C650005D88C /* 3TabbarFeed */,
				A2ECB36029448C3E0005D88C /* 2TabbarClipping */,
				A2ECB35E29448C2E0005D88C /* 1TabbarHome */,
			);
			path = Home;
			sourceTree = "<group>";
		};
		58B08D91E3EF8339D22738BD /* Pods */ = {
			isa = PBXGroup;
			children = (
				1C57CA8C297C6E0AA396A67B /* Pods-Summar.debug.xcconfig */,
				D3C1165E0A72135BFA0A6422 /* Pods-Summar.release.xcconfig */,
			);
			path = Pods;
			sourceTree = "<group>";
		};
		A210F6702960246100A517C5 /* FullScreenImage */ = {
			isa = PBXGroup;
			children = (
				A210F6712960247600A517C5 /* FullScreenImageViewController.swift */,
				A210F6732960253600A517C5 /* FullScreenImageView.swift */,
			);
			path = FullScreenImage;
			sourceTree = "<group>";
		};
		A28EC0CD28CA1BC000F5BF98 = {
			isa = PBXGroup;
			children = (
				A28EC0D828CA1BC000F5BF98 /* Summar */,
				A28EC0D728CA1BC000F5BF98 /* Products */,
				58B08D91E3EF8339D22738BD /* Pods */,
				C307F3144566069BAADC86B2 /* Frameworks */,
			);
			sourceTree = "<group>";
		};
		A28EC0D728CA1BC000F5BF98 /* Products */ = {
			isa = PBXGroup;
			children = (
				A28EC0D628CA1BC000F5BF98 /* Summar.app */,
			);
			name = Products;
			sourceTree = "<group>";
		};
		A28EC0D828CA1BC000F5BF98 /* Summar */ = {
			isa = PBXGroup;
			children = (
				043D982A28EFB673008C862F /* Summar.entitlements */,
				0480453E296CE2BA00D02A30 /* AppDelegate */,
				04040E952962733C00D3333C /* LaunchScreen */,
				04FB1965291227CC00E9EE54 /* Home */,
				A2CAEDDD29050A1C0053D6C9 /* SignUp */,
				04852F8C28FE729100A3EED9 /* SocialLogin */,
				A2ADEBA528D080FF0018A358 /* Helper */,
				A28EC0E228CA1BC100F5BF98 /* Assets.xcassets */,
				A28EC0E728CA1BC100F5BF98 /* Info.plist */,
				048EAA7D296511CF004E4A08 /* GoogleService-Info.plist */,
			);
			path = Summar;
			sourceTree = "<group>";
		};
		A2ADEBA528D080FF0018A358 /* Helper */ = {
			isa = PBXGroup;
			children = (
				041EEE962952E6F4006263C7 /* ServerModel */,
				A2ADEBA628D081050018A358 /* Helper.swift */,
				5EB4F5F0296E94FF0061D64D /* PaddingLabel.swift */,
				04CCEAFC2910A61D009DBE05 /* ServerRequest.swift */,
				5EB4F5F2296EAFFF0061D64D /* LogHelper.swift */,
				04CCEAFE2910A6EC009DBE05 /* Network.plist */,
			);
			path = Helper;
			sourceTree = "<group>";
		};
		A2CAEDDD29050A1C0053D6C9 /* SignUp */ = {
			isa = PBXGroup;
			children = (
				A2CAEDE029050A630053D6C9 /* SignUpController.swift */,
				A2CAEDE229050A6C0053D6C9 /* SignUp1View.swift */,
				04A69BD62907CFAE00EF7133 /* SignUp2View.swift */,
				04904BDB290A5D96004ED5ED /* SignUp3View.swift */,
				A2ECB35B2940C5940005D88C /* SignUp3Controller.swift */,
			);
			path = SignUp;
			sourceTree = "<group>";
		};
		A2D27B702971C934002CF652 /* 2PushSetting */ = {
			isa = PBXGroup;
			children = (
				A2D27B712971C963002CF652 /* PushSettingViewController.swift */,
				A2D27B7329727962002CF652 /* PushSettingView.swift */,
				A2D27B7829728FC2002CF652 /* PushSettingViewModel.swift */,
				A2D27B7A2972930B002CF652 /* PushInfo.swift */,
				A2D27B7C29729B30002CF652 /* PushInfoChange.swift */,
			);
			path = 2PushSetting;
			sourceTree = "<group>";
		};
		A2D27B7E2972F7D9002CF652 /* 3Notice */ = {
			isa = PBXGroup;
			children = (
				A2D27B8729741D32002CF652 /* TableViewCell */,
				A2D27B7F2972F7EF002CF652 /* NoticeController.swift */,
				A2D27B812972FD7E002CF652 /* NoticeView.swift */,
				A2D27B8329741024002CF652 /* NoticeViewModel.swift */,
				A2D27B852974144D002CF652 /* Notice.swift */,
			);
			path = 3Notice;
			sourceTree = "<group>";
		};
		A2D27B8729741D32002CF652 /* TableViewCell */ = {
			isa = PBXGroup;
			children = (
				A2D27B8829741D37002CF652 /* NoticeContentTableViewCell.swift */,
				A2D27B8A2974298D002CF652 /* NoticeTitleTableViewCell.swift */,
			);
			path = TableViewCell;
			sourceTree = "<group>";
		};
		A2D27B8C29743A78002CF652 /* 4FAQ */ = {
			isa = PBXGroup;
			children = (
				A2E960E229743C56007E3B3B /* TableViewCell */,
				A2E960DC29743BAF007E3B3B /* FAQController.swift */,
				A2E960DE29743BE5007E3B3B /* FAQView.swift */,
				A2E960E029743C17007E3B3B /* FAQViewModel.swift */,
			);
			path = 4FAQ;
			sourceTree = "<group>";
		};
		A2E960E229743C56007E3B3B /* TableViewCell */ = {
			isa = PBXGroup;
			children = (
				A2E960E329743C69007E3B3B /* FAQTitleTableViewCell.swift */,
			);
			path = TableViewCell;
			sourceTree = "<group>";
		};
		A2ECB35E29448C2E0005D88C /* 1TabbarHome */ = {
			isa = PBXGroup;
			children = (
				04D4B0ED295D804A00AD5043 /* CollectionViewCell */,
				04D4B0EC295D803D00AD5043 /* TableViewCell */,
				A2ECB36429448CD10005D88C /* HomeViewController.swift */,
				04B864E429494D0600D814D9 /* HomeView.swift */,
			);
			path = 1TabbarHome;
			sourceTree = "<group>";
		};
		A2ECB36029448C3E0005D88C /* 2TabbarClipping */ = {
			isa = PBXGroup;
			children = (
				A2ECB36629448E870005D88C /* ClippingViewController.swift */,
			);
			path = 2TabbarClipping;
			sourceTree = "<group>";
		};
		A2ECB36129448C650005D88C /* 3TabbarFeed */ = {
			isa = PBXGroup;
			children = (
				04D4B0E4295D574400AD5043 /* CollectionViewCell */,
				A210F6702960246100A517C5 /* FullScreenImage */,
				041EEE972952E708006263C7 /* Feed.swift */,
				041EEE9D295435F6006263C7 /* WriteFeedController.swift */,
				041EEE9F2954362D006263C7 /* WrtieFeedView.swift */,
			);
			path = 3TabbarFeed;
			sourceTree = "<group>";
		};
		A2ECB36229448C8F0005D88C /* 4TabbarSearch */ = {
			isa = PBXGroup;
			children = (
				04D4B0E9295D7E5900AD5043 /* TableViewCell */,
				A2ECB36A29448EAF0005D88C /* SearchViewController.swift */,
				A210F66E295B163400A517C5 /* SearchView.swift */,
				04D4B0EE295D82C700AD5043 /* SearchViewModel.swift */,
				04D4B0F0295D83A600AD5043 /* SearchUserList.swift */,
			);
			path = 4TabbarSearch;
			sourceTree = "<group>";
		};
		A2ECB36329448C9F0005D88C /* 5TabbarMyInfo */ = {
			isa = PBXGroup;
			children = (
				048EAA80296548F2004E4A08 /* Preferences */,
				A2ECB36C29448EC10005D88C /* MyInfoViewController.swift */,
				04967FA5294C3BF300CAF5CF /* MyInfoView.swift */,
				A2933E7329501B4800B84C5B /* MyInfoViewModel.swift */,
				A2933E71294F808500B84C5B /* UserInfo.swift */,
			);
			path = 5TabbarMyInfo;
			sourceTree = "<group>";
		};
		C307F3144566069BAADC86B2 /* Frameworks */ = {
			isa = PBXGroup;
			children = (
				822E2234FB7393A990C7BDD2 /* Pods_Summar.framework */,
			);
			name = Frameworks;
			sourceTree = "<group>";
		};
/* End PBXGroup section */

/* Begin PBXNativeTarget section */
		A28EC0D528CA1BC000F5BF98 /* Summar */ = {
			isa = PBXNativeTarget;
			buildConfigurationList = A28EC0EA28CA1BC100F5BF98 /* Build configuration list for PBXNativeTarget "Summar" */;
			buildPhases = (
				CFF30A264096A25B3D9ECCDF /* [CP] Check Pods Manifest.lock */,
				A28EC0D228CA1BC000F5BF98 /* Sources */,
				A28EC0D328CA1BC000F5BF98 /* Frameworks */,
				A28EC0D428CA1BC000F5BF98 /* Resources */,
				F2A0368CBC77D2A39DCA38F5 /* [CP] Embed Pods Frameworks */,
			);
			buildRules = (
			);
			dependencies = (
			);
			name = Summar;
			productName = Summar;
			productReference = A28EC0D628CA1BC000F5BF98 /* Summar.app */;
			productType = "com.apple.product-type.application";
		};
/* End PBXNativeTarget section */

/* Begin PBXProject section */
		A28EC0CE28CA1BC000F5BF98 /* Project object */ = {
			isa = PBXProject;
			attributes = {
				BuildIndependentTargetsInParallel = 1;
				LastSwiftUpdateCheck = 1340;
				LastUpgradeCheck = 1340;
				TargetAttributes = {
					A28EC0D528CA1BC000F5BF98 = {
						CreatedOnToolsVersion = 13.4.1;
					};
				};
			};
			buildConfigurationList = A28EC0D128CA1BC000F5BF98 /* Build configuration list for PBXProject "Summar" */;
			compatibilityVersion = "Xcode 13.0";
			developmentRegion = en;
			hasScannedForEncodings = 0;
			knownRegions = (
				en,
				Base,
			);
			mainGroup = A28EC0CD28CA1BC000F5BF98;
			productRefGroup = A28EC0D728CA1BC000F5BF98 /* Products */;
			projectDirPath = "";
			projectRoot = "";
			targets = (
				A28EC0D528CA1BC000F5BF98 /* Summar */,
			);
		};
/* End PBXProject section */

/* Begin PBXResourcesBuildPhase section */
		A28EC0D428CA1BC000F5BF98 /* Resources */ = {
			isa = PBXResourcesBuildPhase;
			buildActionMask = 2147483647;
			files = (
				A28EC0E628CA1BC100F5BF98 /* LaunchScreen.storyboard in Resources */,
				048EAA7E296511CF004E4A08 /* GoogleService-Info.plist in Resources */,
				A28EC0E328CA1BC100F5BF98 /* Assets.xcassets in Resources */,
				04CCEAFF2910A6EC009DBE05 /* Network.plist in Resources */,
			);
			runOnlyForDeploymentPostprocessing = 0;
		};
/* End PBXResourcesBuildPhase section */

/* Begin PBXShellScriptBuildPhase section */
		CFF30A264096A25B3D9ECCDF /* [CP] Check Pods Manifest.lock */ = {
			isa = PBXShellScriptBuildPhase;
			buildActionMask = 2147483647;
			files = (
			);
			inputFileListPaths = (
			);
			inputPaths = (
				"${PODS_PODFILE_DIR_PATH}/Podfile.lock",
				"${PODS_ROOT}/Manifest.lock",
			);
			name = "[CP] Check Pods Manifest.lock";
			outputFileListPaths = (
			);
			outputPaths = (
				"$(DERIVED_FILE_DIR)/Pods-Summar-checkManifestLockResult.txt",
			);
			runOnlyForDeploymentPostprocessing = 0;
			shellPath = /bin/sh;
			shellScript = "diff \"${PODS_PODFILE_DIR_PATH}/Podfile.lock\" \"${PODS_ROOT}/Manifest.lock\" > /dev/null\nif [ $? != 0 ] ; then\n    # print error to STDERR\n    echo \"error: The sandbox is not in sync with the Podfile.lock. Run 'pod install' or update your CocoaPods installation.\" >&2\n    exit 1\nfi\n# This output is used by Xcode 'outputs' to avoid re-running this script phase.\necho \"SUCCESS\" > \"${SCRIPT_OUTPUT_FILE_0}\"\n";
			showEnvVarsInLog = 0;
		};
		F2A0368CBC77D2A39DCA38F5 /* [CP] Embed Pods Frameworks */ = {
			isa = PBXShellScriptBuildPhase;
			buildActionMask = 2147483647;
			files = (
			);
			inputFileListPaths = (
				"${PODS_ROOT}/Target Support Files/Pods-Summar/Pods-Summar-frameworks-${CONFIGURATION}-input-files.xcfilelist",
			);
			name = "[CP] Embed Pods Frameworks";
			outputFileListPaths = (
				"${PODS_ROOT}/Target Support Files/Pods-Summar/Pods-Summar-frameworks-${CONFIGURATION}-output-files.xcfilelist",
			);
			runOnlyForDeploymentPostprocessing = 0;
			shellPath = /bin/sh;
			shellScript = "\"${PODS_ROOT}/Target Support Files/Pods-Summar/Pods-Summar-frameworks.sh\"\n";
			showEnvVarsInLog = 0;
		};
/* End PBXShellScriptBuildPhase section */

/* Begin PBXSourcesBuildPhase section */
		A28EC0D228CA1BC000F5BF98 /* Sources */ = {
			isa = PBXSourcesBuildPhase;
			buildActionMask = 2147483647;
			files = (
				5EB4F5F7296F898F0061D64D /* PreferencesViewModel.swift in Sources */,
				04D4B0F1295D83A600AD5043 /* SearchUserList.swift in Sources */,
				041EEEA02954362D006263C7 /* WrtieFeedView.swift in Sources */,
				A2D27B862974144D002CF652 /* Notice.swift in Sources */,
				5EB4F5F3296EAFFF0061D64D /* LogHelper.swift in Sources */,
				04804546296D5EB100D02A30 /* Router.swift in Sources */,
				A2933E7429501B4800B84C5B /* MyInfoViewModel.swift in Sources */,
				04B864E529494D0600D814D9 /* HomeView.swift in Sources */,
				A2E960DD29743BAF007E3B3B /* FAQController.swift in Sources */,
				A210F66F295B163400A517C5 /* SearchView.swift in Sources */,
				A28EC0DA28CA1BC000F5BF98 /* AppDelegate.swift in Sources */,
				041EEE982952E708006263C7 /* Feed.swift in Sources */,
				041EEE9E295435F6006263C7 /* WriteFeedController.swift in Sources */,
				040D79FA2918FA3F0018B6A0 /* KakaoLoginManager.swift in Sources */,
				04804542296D2FAE00D02A30 /* UpdateMyInfoViewController.swift in Sources */,
				04FB196929122B5C00E9EE54 /* HomeController.swift in Sources */,
				A210F6742960253600A517C5 /* FullScreenImageView.swift in Sources */,
				A2D27B802972F7EF002CF652 /* NoticeController.swift in Sources */,
				04B864F1294AEAB400D814D9 /* HomeCollectionViewCell.swift in Sources */,
				040D7A002918FB530018B6A0 /* GoogleLoginManager.swift in Sources */,
				04D4B0E3295D571E00AD5043 /* DotCollectionViewCell.swift in Sources */,
				040D79FE2918FB4B0018B6A0 /* NaverLoginManager.swift in Sources */,
				A2CAEDE129050A630053D6C9 /* SignUpController.swift in Sources */,
				A2933E72294F808500B84C5B /* UserInfo.swift in Sources */,
				041EEE9C2954101B006263C7 /* BannerTableViewCell.swift in Sources */,
				A2ADEBA728D081050018A358 /* Helper.swift in Sources */,
				A2D27B8929741D37002CF652 /* NoticeContentTableViewCell.swift in Sources */,
				040D79FC2918FB2A0018B6A0 /* AppleLoginManager.swift in Sources */,
				A2ECB36729448E870005D88C /* ClippingViewController.swift in Sources */,
				A2D27B722971C963002CF652 /* PushSettingViewController.swift in Sources */,
				A210F6722960247600A517C5 /* FullScreenImageViewController.swift in Sources */,
				A28EC0DC28CA1BC000F5BF98 /* SceneDelegate.swift in Sources */,
				048EAA872965570E004E4A08 /* PreferencesTableViewCell.swift in Sources */,
				04CCEAFD2910A61D009DBE05 /* ServerRequest.swift in Sources */,
				04668D83295C13BF00165E88 /* FeedCollectionViewCell.swift in Sources */,
				04D4B0EF295D82C700AD5043 /* SearchViewModel.swift in Sources */,
				04D4B0EB295D7E7900AD5043 /* SearchTableViewCell.swift in Sources */,
				A2D27B7429727962002CF652 /* PushSettingView.swift in Sources */,
				04239D7029553A74002ED10E /* Token.swift in Sources */,
				A2CAEDE329050A6C0053D6C9 /* SignUp1View.swift in Sources */,
				04040E972962734C00D3333C /* LaunchScreenController.swift in Sources */,
				A2ECB36B29448EAF0005D88C /* SearchViewController.swift in Sources */,
				04D4B0E6295D6C9F00AD5043 /* DotFirstCollectionViewCell.swift in Sources */,
				A2D27B7929728FC2002CF652 /* PushSettingViewModel.swift in Sources */,
				04904BDC290A5D96004ED5ED /* SignUp3View.swift in Sources */,
				048EAA822965490C004E4A08 /* PreferencesController.swift in Sources */,
				5E4491B4296FF33D0048042D /* UpdateMyInfoViewModel.swift in Sources */,
				04967FA6294C3BF300CAF5CF /* MyInfoView.swift in Sources */,
				A2D27B7D29729B30002CF652 /* PushInfoChange.swift in Sources */,
				04852F9028FE72AF00A3EED9 /* SocialLoginController.swift in Sources */,
				A2ECB36529448CD10005D88C /* HomeViewController.swift in Sources */,
				A2D27B822972FD7E002CF652 /* NoticeView.swift in Sources */,
				A2ECB35C2940C5940005D88C /* SignUp3Controller.swift in Sources */,
				A2E960E429743C69007E3B3B /* FAQTitleTableViewCell.swift in Sources */,
				A2E960DF29743BE5007E3B3B /* FAQView.swift in Sources */,
				045575782968084B009C0827 /* NicknameCheck.swift in Sources */,
				04852F9228FE72E400A3EED9 /* SocialLoginView.swift in Sources */,
				A2D27B8429741024002CF652 /* NoticeViewModel.swift in Sources */,
				04A69BD72907CFAE00EF7133 /* SignUp2View.swift in Sources */,
				04804544296D2FB900D02A30 /* UpdateMyInfoView.swift in Sources */,
				5EB4F5F1296E94FF0061D64D /* PaddingLabel.swift in Sources */,
				048EAA842965493D004E4A08 /* PreferencesView.swift in Sources */,
				04D4B0E1295D24F800AD5043 /* EmptyCollectionViewCell.swift in Sources */,
				A2D27B7B2972930B002CF652 /* PushInfo.swift in Sources */,
				A2D27B8B2974298D002CF652 /* NoticeTitleTableViewCell.swift in Sources */,
				041EEE9A2952F1C2006263C7 /* HomeTableViewCell.swift in Sources */,
				A2E960E129743C17007E3B3B /* FAQViewModel.swift in Sources */,
				A2ECB36D29448EC10005D88C /* MyInfoViewController.swift in Sources */,
				04239D6E29553A12002ED10E /* AccessToken.swift in Sources */,
			);
			runOnlyForDeploymentPostprocessing = 0;
		};
/* End PBXSourcesBuildPhase section */

/* Begin PBXVariantGroup section */
		A28EC0E428CA1BC100F5BF98 /* LaunchScreen.storyboard */ = {
			isa = PBXVariantGroup;
			children = (
				A28EC0E528CA1BC100F5BF98 /* Base */,
			);
			name = LaunchScreen.storyboard;
			sourceTree = "<group>";
		};
/* End PBXVariantGroup section */

/* Begin XCBuildConfiguration section */
		A28EC0E828CA1BC100F5BF98 /* Debug */ = {
			isa = XCBuildConfiguration;
			buildSettings = {
				ALWAYS_SEARCH_USER_PATHS = NO;
				CLANG_ANALYZER_NONNULL = YES;
				CLANG_ANALYZER_NUMBER_OBJECT_CONVERSION = YES_AGGRESSIVE;
				CLANG_CXX_LANGUAGE_STANDARD = "gnu++17";
				CLANG_ENABLE_MODULES = YES;
				CLANG_ENABLE_OBJC_ARC = YES;
				CLANG_ENABLE_OBJC_WEAK = YES;
				CLANG_WARN_BLOCK_CAPTURE_AUTORELEASING = YES;
				CLANG_WARN_BOOL_CONVERSION = YES;
				CLANG_WARN_COMMA = YES;
				CLANG_WARN_CONSTANT_CONVERSION = YES;
				CLANG_WARN_DEPRECATED_OBJC_IMPLEMENTATIONS = YES;
				CLANG_WARN_DIRECT_OBJC_ISA_USAGE = YES_ERROR;
				CLANG_WARN_DOCUMENTATION_COMMENTS = YES;
				CLANG_WARN_EMPTY_BODY = YES;
				CLANG_WARN_ENUM_CONVERSION = YES;
				CLANG_WARN_INFINITE_RECURSION = YES;
				CLANG_WARN_INT_CONVERSION = YES;
				CLANG_WARN_NON_LITERAL_NULL_CONVERSION = YES;
				CLANG_WARN_OBJC_IMPLICIT_RETAIN_SELF = YES;
				CLANG_WARN_OBJC_LITERAL_CONVERSION = YES;
				CLANG_WARN_OBJC_ROOT_CLASS = YES_ERROR;
				CLANG_WARN_QUOTED_INCLUDE_IN_FRAMEWORK_HEADER = YES;
				CLANG_WARN_RANGE_LOOP_ANALYSIS = YES;
				CLANG_WARN_STRICT_PROTOTYPES = YES;
				CLANG_WARN_SUSPICIOUS_MOVE = YES;
				CLANG_WARN_UNGUARDED_AVAILABILITY = YES_AGGRESSIVE;
				CLANG_WARN_UNREACHABLE_CODE = YES;
				CLANG_WARN__DUPLICATE_METHOD_MATCH = YES;
				COPY_PHASE_STRIP = NO;
				DEBUG_INFORMATION_FORMAT = dwarf;
				ENABLE_STRICT_OBJC_MSGSEND = YES;
				ENABLE_TESTABILITY = YES;
				GCC_C_LANGUAGE_STANDARD = gnu11;
				GCC_DYNAMIC_NO_PIC = NO;
				GCC_NO_COMMON_BLOCKS = YES;
				GCC_OPTIMIZATION_LEVEL = 0;
				GCC_PREPROCESSOR_DEFINITIONS = (
					"DEBUG=1",
					"$(inherited)",
				);
				GCC_WARN_64_TO_32_BIT_CONVERSION = YES;
				GCC_WARN_ABOUT_RETURN_TYPE = YES_ERROR;
				GCC_WARN_UNDECLARED_SELECTOR = YES;
				GCC_WARN_UNINITIALIZED_AUTOS = YES_AGGRESSIVE;
				GCC_WARN_UNUSED_FUNCTION = YES;
				GCC_WARN_UNUSED_VARIABLE = YES;
				IPHONEOS_DEPLOYMENT_TARGET = 14.0;
				MTL_ENABLE_DEBUG_INFO = INCLUDE_SOURCE;
				MTL_FAST_MATH = YES;
				ONLY_ACTIVE_ARCH = YES;
				SDKROOT = iphoneos;
				SWIFT_ACTIVE_COMPILATION_CONDITIONS = DEBUG;
				SWIFT_OPTIMIZATION_LEVEL = "-Onone";
			};
			name = Debug;
		};
		A28EC0E928CA1BC100F5BF98 /* Release */ = {
			isa = XCBuildConfiguration;
			buildSettings = {
				ALWAYS_SEARCH_USER_PATHS = NO;
				CLANG_ANALYZER_NONNULL = YES;
				CLANG_ANALYZER_NUMBER_OBJECT_CONVERSION = YES_AGGRESSIVE;
				CLANG_CXX_LANGUAGE_STANDARD = "gnu++17";
				CLANG_ENABLE_MODULES = YES;
				CLANG_ENABLE_OBJC_ARC = YES;
				CLANG_ENABLE_OBJC_WEAK = YES;
				CLANG_WARN_BLOCK_CAPTURE_AUTORELEASING = YES;
				CLANG_WARN_BOOL_CONVERSION = YES;
				CLANG_WARN_COMMA = YES;
				CLANG_WARN_CONSTANT_CONVERSION = YES;
				CLANG_WARN_DEPRECATED_OBJC_IMPLEMENTATIONS = YES;
				CLANG_WARN_DIRECT_OBJC_ISA_USAGE = YES_ERROR;
				CLANG_WARN_DOCUMENTATION_COMMENTS = YES;
				CLANG_WARN_EMPTY_BODY = YES;
				CLANG_WARN_ENUM_CONVERSION = YES;
				CLANG_WARN_INFINITE_RECURSION = YES;
				CLANG_WARN_INT_CONVERSION = YES;
				CLANG_WARN_NON_LITERAL_NULL_CONVERSION = YES;
				CLANG_WARN_OBJC_IMPLICIT_RETAIN_SELF = YES;
				CLANG_WARN_OBJC_LITERAL_CONVERSION = YES;
				CLANG_WARN_OBJC_ROOT_CLASS = YES_ERROR;
				CLANG_WARN_QUOTED_INCLUDE_IN_FRAMEWORK_HEADER = YES;
				CLANG_WARN_RANGE_LOOP_ANALYSIS = YES;
				CLANG_WARN_STRICT_PROTOTYPES = YES;
				CLANG_WARN_SUSPICIOUS_MOVE = YES;
				CLANG_WARN_UNGUARDED_AVAILABILITY = YES_AGGRESSIVE;
				CLANG_WARN_UNREACHABLE_CODE = YES;
				CLANG_WARN__DUPLICATE_METHOD_MATCH = YES;
				COPY_PHASE_STRIP = NO;
				DEBUG_INFORMATION_FORMAT = "dwarf-with-dsym";
				ENABLE_NS_ASSERTIONS = NO;
				ENABLE_STRICT_OBJC_MSGSEND = YES;
				GCC_C_LANGUAGE_STANDARD = gnu11;
				GCC_NO_COMMON_BLOCKS = YES;
				GCC_WARN_64_TO_32_BIT_CONVERSION = YES;
				GCC_WARN_ABOUT_RETURN_TYPE = YES_ERROR;
				GCC_WARN_UNDECLARED_SELECTOR = YES;
				GCC_WARN_UNINITIALIZED_AUTOS = YES_AGGRESSIVE;
				GCC_WARN_UNUSED_FUNCTION = YES;
				GCC_WARN_UNUSED_VARIABLE = YES;
				IPHONEOS_DEPLOYMENT_TARGET = 14.0;
				MTL_ENABLE_DEBUG_INFO = NO;
				MTL_FAST_MATH = YES;
				SDKROOT = iphoneos;
				SWIFT_COMPILATION_MODE = wholemodule;
				SWIFT_OPTIMIZATION_LEVEL = "-O";
				VALIDATE_PRODUCT = YES;
			};
			name = Release;
		};
		A28EC0EB28CA1BC100F5BF98 /* Debug */ = {
			isa = XCBuildConfiguration;
			baseConfigurationReference = 1C57CA8C297C6E0AA396A67B /* Pods-Summar.debug.xcconfig */;
			buildSettings = {
				ASSETCATALOG_COMPILER_APPICON_NAME = AppIcon;
				ASSETCATALOG_COMPILER_GLOBAL_ACCENT_COLOR_NAME = AccentColor;
				CODE_SIGN_ENTITLEMENTS = Summar/Summar.entitlements;
				CODE_SIGN_STYLE = Automatic;
				CURRENT_PROJECT_VERSION = 1;
				DEVELOPMENT_TEAM = 2D8WKJP7C4;
				GENERATE_INFOPLIST_FILE = YES;
				INFOPLIST_FILE = Summar/Info.plist;
				INFOPLIST_KEY_NSCameraUsageDescription = "사진 첨부를 위한 카메라 사용 권한을 허용 하시겠습니까?";
				INFOPLIST_KEY_NSPhotoLibraryUsageDescription = "사진 첨부를 위한 앨범 사용 권한을 허용 하시겠습니까?";
				INFOPLIST_KEY_UIApplicationSupportsIndirectInputEvents = YES;
				INFOPLIST_KEY_UILaunchStoryboardName = none;
				INFOPLIST_KEY_UIMainStoryboardFile = "";
				INFOPLIST_KEY_UIRequiresFullScreen = YES;
				INFOPLIST_KEY_UIStatusBarStyle = UIStatusBarStyleDarkContent;
				INFOPLIST_KEY_UISupportedInterfaceOrientations_iPad = "UIInterfaceOrientationPortrait UIInterfaceOrientationPortraitUpsideDown UIInterfaceOrientationLandscapeLeft UIInterfaceOrientationLandscapeRight";
				INFOPLIST_KEY_UISupportedInterfaceOrientations_iPhone = "UIInterfaceOrientationPortrait UIInterfaceOrientationLandscapeLeft UIInterfaceOrientationLandscapeRight";
				IPHONEOS_DEPLOYMENT_TARGET = 14.0;
				LD_RUNPATH_SEARCH_PATHS = (
					"$(inherited)",
					"@executable_path/Frameworks",
				);
				MARKETING_VERSION = 1.0.0;
				PRODUCT_BUNDLE_IDENTIFIER = kr.ios.Summar;
				PRODUCT_NAME = "$(TARGET_NAME)";
				SWIFT_EMIT_LOC_STRINGS = YES;
				SWIFT_VERSION = 5.0;
				TARGETED_DEVICE_FAMILY = "1,2";
			};
			name = Debug;
		};
		A28EC0EC28CA1BC100F5BF98 /* Release */ = {
			isa = XCBuildConfiguration;
			baseConfigurationReference = D3C1165E0A72135BFA0A6422 /* Pods-Summar.release.xcconfig */;
			buildSettings = {
				ASSETCATALOG_COMPILER_APPICON_NAME = AppIcon;
				ASSETCATALOG_COMPILER_GLOBAL_ACCENT_COLOR_NAME = AccentColor;
				CODE_SIGN_ENTITLEMENTS = Summar/Summar.entitlements;
				CODE_SIGN_STYLE = Automatic;
				CURRENT_PROJECT_VERSION = 1;
				DEVELOPMENT_TEAM = 2D8WKJP7C4;
				GENERATE_INFOPLIST_FILE = YES;
				INFOPLIST_FILE = Summar/Info.plist;
				INFOPLIST_KEY_NSCameraUsageDescription = "사진 첨부를 위한 카메라 사용 권한을 허용 하시겠습니까?";
				INFOPLIST_KEY_NSPhotoLibraryUsageDescription = "사진 첨부를 위한 앨범 사용 권한을 허용 하시겠습니까?";
				INFOPLIST_KEY_UIApplicationSupportsIndirectInputEvents = YES;
				INFOPLIST_KEY_UILaunchStoryboardName = none;
				INFOPLIST_KEY_UIMainStoryboardFile = "";
				INFOPLIST_KEY_UIRequiresFullScreen = YES;
				INFOPLIST_KEY_UIStatusBarStyle = UIStatusBarStyleDarkContent;
				INFOPLIST_KEY_UISupportedInterfaceOrientations_iPad = "UIInterfaceOrientationPortrait UIInterfaceOrientationPortraitUpsideDown UIInterfaceOrientationLandscapeLeft UIInterfaceOrientationLandscapeRight";
				INFOPLIST_KEY_UISupportedInterfaceOrientations_iPhone = "UIInterfaceOrientationPortrait UIInterfaceOrientationLandscapeLeft UIInterfaceOrientationLandscapeRight";
				IPHONEOS_DEPLOYMENT_TARGET = 14.0;
				LD_RUNPATH_SEARCH_PATHS = (
					"$(inherited)",
					"@executable_path/Frameworks",
				);
				MARKETING_VERSION = 1.0.0;
				PRODUCT_BUNDLE_IDENTIFIER = kr.ios.Summar;
				PRODUCT_NAME = "$(TARGET_NAME)";
				SWIFT_EMIT_LOC_STRINGS = YES;
				SWIFT_VERSION = 5.0;
				TARGETED_DEVICE_FAMILY = "1,2";
			};
			name = Release;
		};
/* End XCBuildConfiguration section */

/* Begin XCConfigurationList section */
		A28EC0D128CA1BC000F5BF98 /* Build configuration list for PBXProject "Summar" */ = {
			isa = XCConfigurationList;
			buildConfigurations = (
				A28EC0E828CA1BC100F5BF98 /* Debug */,
				A28EC0E928CA1BC100F5BF98 /* Release */,
			);
			defaultConfigurationIsVisible = 0;
			defaultConfigurationName = Release;
		};
		A28EC0EA28CA1BC100F5BF98 /* Build configuration list for PBXNativeTarget "Summar" */ = {
			isa = XCConfigurationList;
			buildConfigurations = (
				A28EC0EB28CA1BC100F5BF98 /* Debug */,
				A28EC0EC28CA1BC100F5BF98 /* Release */,
			);
			defaultConfigurationIsVisible = 0;
			defaultConfigurationName = Release;
		};
/* End XCConfigurationList section */
	};
	rootObject = A28EC0CE28CA1BC000F5BF98 /* Project object */;
}
